// !$*UTF8*$!
{
	archiveVersion = 1;
	classes = {
	};
	objectVersion = 56;
	objects = {

/* Begin PBXBuildFile section */
		297BA1092A310AE100D1E51A /* kfdApp.swift in Sources */ = {isa = PBXBuildFile; fileRef = 297BA1082A310AE100D1E51A /* kfdApp.swift */; };
		297BA10B2A310AE100D1E51A /* ContentView.swift in Sources */ = {isa = PBXBuildFile; fileRef = 297BA10A2A310AE100D1E51A /* ContentView.swift */; };
		297BA10D2A310AE200D1E51A /* Assets.xcassets in Resources */ = {isa = PBXBuildFile; fileRef = 297BA10C2A310AE200D1E51A /* Assets.xcassets */; };
		297BA1112A310AE200D1E51A /* Preview Assets.xcassets in Resources */ = {isa = PBXBuildFile; fileRef = 297BA1102A310AE200D1E51A /* Preview Assets.xcassets */; };
		9E2021B12A916D7A002DC058 /* kalloc.m in Sources */ = {isa = PBXBuildFile; fileRef = 9E5B35B62A8BCAE30045080E /* kalloc.m */; };
		9E2021B22A922713002DC058 /* KPF.swift in Sources */ = {isa = PBXBuildFile; fileRef = 9EAC513A2A85A5B000901A45 /* KPF.swift */; };
		9E2021B42A92272B002DC058 /* KernelPatchfinder in Frameworks */ = {isa = PBXBuildFile; productRef = 9E2021B32A92272B002DC058 /* KernelPatchfinder */; };
		9E5B35B52A8BC3100045080E /* stable_kcall.m in Sources */ = {isa = PBXBuildFile; fileRef = 9E5B35B42A8BC3100045080E /* stable_kcall.m */; };
		9E5B35B72A8BCAE30045080E /* kalloc.m in Sources */ = {isa = PBXBuildFile; fileRef = 9E5B35B62A8BCAE30045080E /* kalloc.m */; };
		9E5B35BB2A8BE94A0045080E /* kcall_handoff.swift in Sources */ = {isa = PBXBuildFile; fileRef = 9E5B35B82A8BE6850045080E /* kcall_handoff.swift */; };
		9E5B35BC2A8BE9A80045080E /* Logging.m in Sources */ = {isa = PBXBuildFile; fileRef = CED61C5E2A86507900BC9912 /* Logging.m */; };
		9E5B6FFE2A82D0ED00008A38 /* Bootstrapper.swift in Sources */ = {isa = PBXBuildFile; fileRef = 9E5B6FFD2A82D0ED00008A38 /* Bootstrapper.swift */; };
		9EAC513B2A85A5B000901A45 /* KPF.swift in Sources */ = {isa = PBXBuildFile; fileRef = 9EAC513A2A85A5B000901A45 /* KPF.swift */; };
		9ECD1AAE2A811E8F0002FA6B /* jailbreakd in Copy Files */ = {isa = PBXBuildFile; fileRef = 9ECD1AA52A811E160002FA6B /* jailbreakd */; settings = {ATTRIBUTES = (CodeSignOnCopy, ); }; };
		9ECD1AB72A81246B0002FA6B /* KernelPatchfinder in Frameworks */ = {isa = PBXBuildFile; productRef = 9ECD1AB62A81246B0002FA6B /* KernelPatchfinder */; };
		CE156C0D2A89666200970996 /* intermediate.m in Sources */ = {isa = PBXBuildFile; fileRef = CE156C0C2A89666200970996 /* intermediate.m */; };
		CE356F972A87F99000F0C8A3 /* launchdhook.dylib in Copy Files */ = {isa = PBXBuildFile; fileRef = CED15F982A87D529004BF0DA /* launchdhook.dylib */; };
		CE356F9A2A87F9F900F0C8A3 /* main.m in Sources */ = {isa = PBXBuildFile; fileRef = CE356F992A87F9F900F0C8A3 /* main.m */; };
		CE356F9C2A87FDA000F0C8A3 /* ipc_hook.m in Sources */ = {isa = PBXBuildFile; fileRef = CE356F9B2A87FDA000F0C8A3 /* ipc_hook.m */; };
		CE356FA12A87FFF400F0C8A3 /* libellekit.tbd in Frameworks */ = {isa = PBXBuildFile; fileRef = CE356FA02A87FFDE00F0C8A3 /* libellekit.tbd */; };
		CE4977882A8A78DC004E213B /* zstd_wrapper.m in Sources */ = {isa = PBXBuildFile; fileRef = CE4977872A8A78DC004E213B /* zstd_wrapper.m */; };
		CE49778C2A8A7B18004E213B /* libzstd in Frameworks */ = {isa = PBXBuildFile; productRef = CE49778B2A8A7B18004E213B /* libzstd */; };
		CE49778E2A8A910E004E213B /* bootstrap-iphoneos-arm64.tar.zst in Copy Files */ = {isa = PBXBuildFile; fileRef = CE49778D2A8A90F8004E213B /* bootstrap-iphoneos-arm64.tar.zst */; };
		CE4A1B962A91328700167938 /* kalloc.m in Sources */ = {isa = PBXBuildFile; fileRef = CE4A1B932A91326B00167938 /* kalloc.m */; };
		CE60F9062A867C97004BDE2A /* Jailbreak.swift in Sources */ = {isa = PBXBuildFile; fileRef = CE60F9052A867C97004BDE2A /* Jailbreak.swift */; };
		CE6D10462A87C414004C6CCC /* Server.swift in Sources */ = {isa = PBXBuildFile; fileRef = CE6D10382A87C414004C6CCC /* Server.swift */; };
		CE6D10472A87C414004C6CCC /* main.m in Sources */ = {isa = PBXBuildFile; fileRef = CE6D10452A87C414004C6CCC /* main.m */; };
		CE7141212A924F320065FDC2 /* kcall_handoff.swift in Sources */ = {isa = PBXBuildFile; fileRef = 9E5B35B82A8BE6850045080E /* kcall_handoff.swift */; };
		CE7141232A9257AA0065FDC2 /* cdhash.m in Sources */ = {isa = PBXBuildFile; fileRef = 9EAC51382A85A24800901A45 /* cdhash.m */; };
		CE7141252A9257EA0065FDC2 /* cdhash.h in CopyFiles */ = {isa = PBXBuildFile; fileRef = CE7141242A9257CB0065FDC2 /* cdhash.h */; };
		CE7141272A92590A0065FDC2 /* StringError.swift in Sources */ = {isa = PBXBuildFile; fileRef = CE7141262A92590A0065FDC2 /* StringError.swift */; };
		CE78F6EE2A91FBA400C3826C /* swift_stub.swift in Sources */ = {isa = PBXBuildFile; fileRef = CE78F6ED2A91FBA400C3826C /* swift_stub.swift */; };
		CE9083B42A928DE500B14716 /* kalloc.m in Sources */ = {isa = PBXBuildFile; fileRef = 9E5B35B62A8BCAE30045080E /* kalloc.m */; };
		CE9083B62A928DE500B14716 /* Logging.m in Sources */ = {isa = PBXBuildFile; fileRef = CED61C5E2A86507900BC9912 /* Logging.m */; };
		CE9083B82A928DE500B14716 /* KPF.swift in Sources */ = {isa = PBXBuildFile; fileRef = 9EAC513A2A85A5B000901A45 /* KPF.swift */; };
		CE9083BA2A928DE500B14716 /* kcall_handoff.swift in Sources */ = {isa = PBXBuildFile; fileRef = 9E5B35B82A8BE6850045080E /* kcall_handoff.swift */; };
		CE9083BC2A928DE500B14716 /* KernelPatchfinder in Frameworks */ = {isa = PBXBuildFile; productRef = CE9083B02A928DE500B14716 /* KernelPatchfinder */; };
		CE9083BD2A928DE500B14716 /* libjailbreak.a in Frameworks */ = {isa = PBXBuildFile; fileRef = CEF43F1C2A8A69FD006756B5 /* libjailbreak.a */; };
		CE9083C52A928E2300B14716 /* main.swift in Sources */ = {isa = PBXBuildFile; fileRef = CE9083C32A928E1D00B14716 /* main.swift */; };
		CE9083C62A928E3F00B14716 /* testexec in Copy Files */ = {isa = PBXBuildFile; fileRef = CE9083C12A928DE500B14716 /* testexec */; settings = {ATTRIBUTES = (CodeSignOnCopy, ); }; };
		CE9D64D62A9137A300E12A6D /* spawn_hook.m in Sources */ = {isa = PBXBuildFile; fileRef = CE9D64D52A9137A300E12A6D /* spawn_hook.m */; };
		CE9D64D72A913DEE00E12A6D /* boot_info.h in CopyFiles */ = {isa = PBXBuildFile; fileRef = CECE0C8F2A8AD8F400B2A4E7 /* boot_info.h */; };
		CE9D64DA2A91407C00E12A6D /* hook_common.m in Sources */ = {isa = PBXBuildFile; fileRef = CE9D64D92A91407C00E12A6D /* hook_common.m */; };
		CE9D64E02A914A2200E12A6D /* libjailbreak.a in Frameworks */ = {isa = PBXBuildFile; fileRef = CEF43F1C2A8A69FD006756B5 /* libjailbreak.a */; };
		CE9D64E32A914A8E00E12A6D /* IOKit.framework in Frameworks */ = {isa = PBXBuildFile; fileRef = CE9D64E22A914A8E00E12A6D /* IOKit.framework */; };
		CE9FD8BB2A88CC2D002ACBAC /* CydiaSubstrate.framework in CopyFiles */ = {isa = PBXBuildFile; fileRef = CE9FD8B72A88CAFF002ACBAC /* CydiaSubstrate.framework */; settings = {ATTRIBUTES = (CodeSignOnCopy, RemoveHeadersOnCopy, ); }; };
		CEAA56FB2A88D8CD00D9B385 /* opainject in Copy Files */ = {isa = PBXBuildFile; fileRef = CE9FD8BC2A88CC40002ACBAC /* opainject */; settings = {ATTRIBUTES = (CodeSignOnCopy, ); }; };
		CECE0C882A8AD60A00B2A4E7 /* jailbreakd.h in CopyFiles */ = {isa = PBXBuildFile; fileRef = CE02EE9E2A8A6B6A000CDB70 /* jailbreakd.h */; };
		CECE0C892A8AD60A00B2A4E7 /* csblob.h in CopyFiles */ = {isa = PBXBuildFile; fileRef = CECE0C872A8AD5A800B2A4E7 /* csblob.h */; };
		CECE0C8D2A8AD89E00B2A4E7 /* JBDTCPage.m in Sources */ = {isa = PBXBuildFile; fileRef = CECE0C8C2A8AD89E00B2A4E7 /* JBDTCPage.m */; };
		CECE0C912A8AD93000B2A4E7 /* boot_info.m in Sources */ = {isa = PBXBuildFile; fileRef = CECE0C902A8AD93000B2A4E7 /* boot_info.m */; };
		CED61C5F2A86507900BC9912 /* Logging.m in Sources */ = {isa = PBXBuildFile; fileRef = CED61C5E2A86507900BC9912 /* Logging.m */; };
		CED7B5A02A9126A400018F86 /* libjailbreak.a in Frameworks */ = {isa = PBXBuildFile; fileRef = CEF43F1C2A8A69FD006756B5 /* libjailbreak.a */; };
		CED7B5A52A912AD000018F86 /* trustcache.m in Sources */ = {isa = PBXBuildFile; fileRef = CED7B5A42A912AD000018F86 /* trustcache.m */; };
		CEF43F202A8A69FD006756B5 /* jailbreakd.m in Sources */ = {isa = PBXBuildFile; fileRef = CEF43F1F2A8A69FD006756B5 /* jailbreakd.m */; };
		CEF43F212A8A69FD006756B5 /* libjailbreak.h in CopyFiles */ = {isa = PBXBuildFile; fileRef = CEF43F1E2A8A69FD006756B5 /* libjailbreak.h */; };
		CEF43F252A8A6A62006756B5 /* libjailbreak.a in Frameworks */ = {isa = PBXBuildFile; fileRef = CEF43F1C2A8A69FD006756B5 /* libjailbreak.a */; };
		CEFA7BA72A91EE8E0050B18D /* envbuf.c in Sources */ = {isa = PBXBuildFile; fileRef = CEFA7BA62A91EE8E0050B18D /* envbuf.c */; };
		CEFA7BAC2A91F7C60050B18D /* jb_utils.m in Sources */ = {isa = PBXBuildFile; fileRef = CEFA7BAB2A91F7C60050B18D /* jb_utils.m */; };
		CEFA7BAD2A91F8120050B18D /* jb_utils.h in CopyFiles */ = {isa = PBXBuildFile; fileRef = CEFA7BAA2A91F7540050B18D /* jb_utils.h */; };
		CEFA7BAE2A91F9590050B18D /* libjailbreak.a in Copy Files */ = {isa = PBXBuildFile; fileRef = CEF43F1C2A8A69FD006756B5 /* libjailbreak.a */; settings = {ATTRIBUTES = (CodeSignOnCopy, ); }; };
/* End PBXBuildFile section */

/* Begin PBXContainerItemProxy section */
		9ECD1AAF2A811EA90002FA6B /* PBXContainerItemProxy */ = {
			isa = PBXContainerItemProxy;
			containerPortal = 297BA0FD2A310AE100D1E51A /* Project object */;
			proxyType = 1;
			remoteGlobalIDString = 9ECD1AA42A811E160002FA6B;
			remoteInfo = jailbreakd;
		};
		CE9083AF2A928DE500B14716 /* PBXContainerItemProxy */ = {
			isa = PBXContainerItemProxy;
			containerPortal = 297BA0FD2A310AE100D1E51A /* Project object */;
			proxyType = 1;
			remoteGlobalIDString = CEF43F1B2A8A69FD006756B5;
			remoteInfo = libjailbreak;
		};
		CE9083C72A928E5A00B14716 /* PBXContainerItemProxy */ = {
			isa = PBXContainerItemProxy;
			containerPortal = 297BA0FD2A310AE100D1E51A /* Project object */;
			proxyType = 1;
			remoteGlobalIDString = CE9083AD2A928DE500B14716;
			remoteInfo = testexec;
		};
		CED7B5A12A9126A400018F86 /* PBXContainerItemProxy */ = {
			isa = PBXContainerItemProxy;
			containerPortal = 297BA0FD2A310AE100D1E51A /* Project object */;
			proxyType = 1;
			remoteGlobalIDString = CEF43F1B2A8A69FD006756B5;
			remoteInfo = libjailbreak;
		};
		CEF43F262A8A6A62006756B5 /* PBXContainerItemProxy */ = {
			isa = PBXContainerItemProxy;
			containerPortal = 297BA0FD2A310AE100D1E51A /* Project object */;
			proxyType = 1;
			remoteGlobalIDString = CEF43F1B2A8A69FD006756B5;
			remoteInfo = libjailbreak;
		};
/* End PBXContainerItemProxy section */

/* Begin PBXCopyFilesBuildPhase section */
		9ECD1AAD2A811E870002FA6B /* Copy Files */ = {
			isa = PBXCopyFilesBuildPhase;
			buildActionMask = 12;
			dstPath = "";
			dstSubfolderSpec = 7;
			files = (
				CE9083C62A928E3F00B14716 /* testexec in Copy Files */,
				CEFA7BAE2A91F9590050B18D /* libjailbreak.a in Copy Files */,
				CE49778E2A8A910E004E213B /* bootstrap-iphoneos-arm64.tar.zst in Copy Files */,
				CEAA56FB2A88D8CD00D9B385 /* opainject in Copy Files */,
				CE356F972A87F99000F0C8A3 /* launchdhook.dylib in Copy Files */,
				9ECD1AAE2A811E8F0002FA6B /* jailbreakd in Copy Files */,
			);
			name = "Copy Files";
			runOnlyForDeploymentPostprocessing = 0;
		};
		CE5E3E3A2A88F26E00133C63 /* Embed Frameworks */ = {
			isa = PBXCopyFilesBuildPhase;
			buildActionMask = 2147483647;
			dstPath = "";
			dstSubfolderSpec = 10;
			files = (
			);
			name = "Embed Frameworks";
			runOnlyForDeploymentPostprocessing = 0;
		};
		CE9FD8B62A88CAAC002ACBAC /* CopyFiles */ = {
			isa = PBXCopyFilesBuildPhase;
			buildActionMask = 12;
			dstPath = basebin/fallback;
			dstSubfolderSpec = 1;
			files = (
				CE9FD8BB2A88CC2D002ACBAC /* CydiaSubstrate.framework in CopyFiles */,
			);
			runOnlyForDeploymentPostprocessing = 0;
		};
		CED15F962A87D529004BF0DA /* CopyFiles */ = {
			isa = PBXCopyFilesBuildPhase;
			buildActionMask = 2147483647;
			dstPath = "include/$(PRODUCT_NAME)";
			dstSubfolderSpec = 16;
			files = (
			);
			runOnlyForDeploymentPostprocessing = 0;
		};
		CEF43F1A2A8A69FD006756B5 /* CopyFiles */ = {
			isa = PBXCopyFilesBuildPhase;
			buildActionMask = 2147483647;
			dstPath = "include/$(PRODUCT_NAME)";
			dstSubfolderSpec = 16;
			files = (
				CE7141252A9257EA0065FDC2 /* cdhash.h in CopyFiles */,
				CEFA7BAD2A91F8120050B18D /* jb_utils.h in CopyFiles */,
				CE9D64D72A913DEE00E12A6D /* boot_info.h in CopyFiles */,
				CECE0C882A8AD60A00B2A4E7 /* jailbreakd.h in CopyFiles */,
				CECE0C892A8AD60A00B2A4E7 /* csblob.h in CopyFiles */,
				CEF43F212A8A69FD006756B5 /* libjailbreak.h in CopyFiles */,
			);
			runOnlyForDeploymentPostprocessing = 0;
		};
/* End PBXCopyFilesBuildPhase section */

/* Begin PBXFileReference section */
		29125B6F2A4C807F0031761B /* miscellaneous_types.h */ = {isa = PBXFileReference; lastKnownFileType = sourcecode.c.h; path = miscellaneous_types.h; sourceTree = "<group>"; };
		29125B712A4DD3940031761B /* fileops.h */ = {isa = PBXFileReference; lastKnownFileType = sourcecode.c.h; path = fileops.h; sourceTree = "<group>"; };
		2948BA6E2A3162FD00B2ED3C /* common.h */ = {isa = PBXFileReference; lastKnownFileType = sourcecode.c.h; path = common.h; sourceTree = "<group>"; };
		2948BA6F2A31630800B2ED3C /* info.h */ = {isa = PBXFileReference; lastKnownFileType = sourcecode.c.h; path = info.h; sourceTree = "<group>"; };
		2948BA702A31631000B2ED3C /* krkw.h */ = {isa = PBXFileReference; lastKnownFileType = sourcecode.c.h; path = krkw.h; sourceTree = "<group>"; };
		2948BA712A31631C00B2ED3C /* puaf.h */ = {isa = PBXFileReference; lastKnownFileType = sourcecode.c.h; path = puaf.h; sourceTree = "<group>"; };
		2948BA722A31636600B2ED3C /* physpuppet.h */ = {isa = PBXFileReference; lastKnownFileType = sourcecode.c.h; path = physpuppet.h; sourceTree = "<group>"; };
		2948BA762A3163AB00B2ED3C /* kread_kqueue_workloop_ctl.h */ = {isa = PBXFileReference; lastKnownFileType = sourcecode.c.h; path = kread_kqueue_workloop_ctl.h; sourceTree = "<group>"; };
		2948BA772A3163B900B2ED3C /* kread_sem_open.h */ = {isa = PBXFileReference; lastKnownFileType = sourcecode.c.h; path = kread_sem_open.h; sourceTree = "<group>"; };
		2948BA782A3163C500B2ED3C /* kwrite_dup.h */ = {isa = PBXFileReference; lastKnownFileType = sourcecode.c.h; path = kwrite_dup.h; sourceTree = "<group>"; };
		2948BA792A3163D200B2ED3C /* kwrite_sem_open.h */ = {isa = PBXFileReference; lastKnownFileType = sourcecode.c.h; path = kwrite_sem_open.h; sourceTree = "<group>"; };
		2948BA7C2A31644B00B2ED3C /* kqworkloop.h */ = {isa = PBXFileReference; lastKnownFileType = sourcecode.c.h; path = kqworkloop.h; sourceTree = "<group>"; };
		2948BA7D2A31647D00B2ED3C /* proc.h */ = {isa = PBXFileReference; lastKnownFileType = sourcecode.c.h; path = proc.h; sourceTree = "<group>"; };
		2948BA7E2A31649400B2ED3C /* task.h */ = {isa = PBXFileReference; lastKnownFileType = sourcecode.c.h; path = task.h; sourceTree = "<group>"; };
		2948BA812A3164CC00B2ED3C /* vm_map.h */ = {isa = PBXFileReference; lastKnownFileType = sourcecode.c.h; path = vm_map.h; sourceTree = "<group>"; };
		2948BA822A3164E900B2ED3C /* fileproc_guard.h */ = {isa = PBXFileReference; lastKnownFileType = sourcecode.c.h; path = fileproc_guard.h; sourceTree = "<group>"; };
		2948BA832A3164FD00B2ED3C /* fileproc.h */ = {isa = PBXFileReference; lastKnownFileType = sourcecode.c.h; path = fileproc.h; sourceTree = "<group>"; };
		2948BA842A31651700B2ED3C /* pseminfo.h */ = {isa = PBXFileReference; lastKnownFileType = sourcecode.c.h; path = pseminfo.h; sourceTree = "<group>"; };
		2948BA852A31652700B2ED3C /* psemnode.h */ = {isa = PBXFileReference; lastKnownFileType = sourcecode.c.h; path = psemnode.h; sourceTree = "<group>"; };
		2948BA862A31653C00B2ED3C /* semaphore.h */ = {isa = PBXFileReference; lastKnownFileType = sourcecode.c.h; path = semaphore.h; sourceTree = "<group>"; };
		2948BA872A31655600B2ED3C /* vm_map_entry.h */ = {isa = PBXFileReference; lastKnownFileType = sourcecode.c.h; path = vm_map_entry.h; sourceTree = "<group>"; };
		2965065D2A31565B0025D1A7 /* kfd-bridge.h */ = {isa = PBXFileReference; lastKnownFileType = sourcecode.c.h; path = "kfd-bridge.h"; sourceTree = "<group>"; };
		297BA1052A310AE100D1E51A /* kfd.app */ = {isa = PBXFileReference; explicitFileType = wrapper.application; includeInIndex = 0; path = kfd.app; sourceTree = BUILT_PRODUCTS_DIR; };
		297BA1082A310AE100D1E51A /* kfdApp.swift */ = {isa = PBXFileReference; lastKnownFileType = sourcecode.swift; path = kfdApp.swift; sourceTree = "<group>"; };
		297BA10A2A310AE100D1E51A /* ContentView.swift */ = {isa = PBXFileReference; lastKnownFileType = sourcecode.swift; path = ContentView.swift; sourceTree = "<group>"; };
		297BA10C2A310AE200D1E51A /* Assets.xcassets */ = {isa = PBXFileReference; lastKnownFileType = folder.assetcatalog; path = Assets.xcassets; sourceTree = "<group>"; };
		297BA10E2A310AE200D1E51A /* kfd.entitlements */ = {isa = PBXFileReference; lastKnownFileType = text.plist.entitlements; path = kfd.entitlements; sourceTree = "<group>"; };
		297BA1102A310AE200D1E51A /* Preview Assets.xcassets */ = {isa = PBXFileReference; lastKnownFileType = folder.assetcatalog; path = "Preview Assets.xcassets"; sourceTree = "<group>"; };
		29A358F32A43B53300C297A1 /* smith.h */ = {isa = PBXFileReference; lastKnownFileType = sourcecode.c.h; path = smith.h; sourceTree = "<group>"; };
		29A53F692A32255600BC9544 /* thread.h */ = {isa = PBXFileReference; lastKnownFileType = sourcecode.c.h; path = thread.h; sourceTree = "<group>"; };
		29A53F6A2A32255E00BC9544 /* uthread.h */ = {isa = PBXFileReference; lastKnownFileType = sourcecode.c.h; path = uthread.h; sourceTree = "<group>"; };
		29A765292A393FCB006617E8 /* perf.h */ = {isa = PBXFileReference; lastKnownFileType = sourcecode.c.h; path = perf.h; sourceTree = "<group>"; };
		29A7652B2A3943AB006617E8 /* fileglob.h */ = {isa = PBXFileReference; lastKnownFileType = sourcecode.c.h; path = fileglob.h; sourceTree = "<group>"; };
		29A7652C2A3943B5006617E8 /* ipc_entry.h */ = {isa = PBXFileReference; lastKnownFileType = sourcecode.c.h; path = ipc_entry.h; sourceTree = "<group>"; };
		29A7652D2A3943BD006617E8 /* ipc_port.h */ = {isa = PBXFileReference; lastKnownFileType = sourcecode.c.h; path = ipc_port.h; sourceTree = "<group>"; };
		29A7652E2A3943CB006617E8 /* ipc_space.h */ = {isa = PBXFileReference; lastKnownFileType = sourcecode.c.h; path = ipc_space.h; sourceTree = "<group>"; };
		29A7652F2A3943DC006617E8 /* pmap.h */ = {isa = PBXFileReference; lastKnownFileType = sourcecode.c.h; path = pmap.h; sourceTree = "<group>"; };
		29A765302A3943EB006617E8 /* vm_map_copy.h */ = {isa = PBXFileReference; lastKnownFileType = sourcecode.c.h; path = vm_map_copy.h; sourceTree = "<group>"; };
		29A765312A3943F6006617E8 /* vm_named_entry.h */ = {isa = PBXFileReference; lastKnownFileType = sourcecode.c.h; path = vm_named_entry.h; sourceTree = "<group>"; };
		29A765322A394407006617E8 /* vm_object.h */ = {isa = PBXFileReference; lastKnownFileType = sourcecode.c.h; path = vm_object.h; sourceTree = "<group>"; };
		29A765332A394412006617E8 /* vm_page.h */ = {isa = PBXFileReference; lastKnownFileType = sourcecode.c.h; path = vm_page.h; sourceTree = "<group>"; };
		6FB05A122A7E6D6B00684A87 /* IOKit.h */ = {isa = PBXFileReference; lastKnownFileType = sourcecode.c.h; path = IOKit.h; sourceTree = "<group>"; };
		6FEC680F2A7FC1DA000264D8 /* mineekpf.h */ = {isa = PBXFileReference; lastKnownFileType = sourcecode.c.h; path = mineekpf.h; sourceTree = "<group>"; };
		8C0AF3512A75B21A0065C9DD /* kread_IOSurface.h */ = {isa = PBXFileReference; lastKnownFileType = sourcecode.c.h; path = kread_IOSurface.h; sourceTree = "<group>"; };
		8C0AF3522A75B2DA0065C9DD /* IOSurface_shared.h */ = {isa = PBXFileReference; lastKnownFileType = sourcecode.c.h; path = IOSurface_shared.h; sourceTree = "<group>"; };
		8CC7F5312A762D46004C6F30 /* kwrite_IOSurface.h */ = {isa = PBXFileReference; lastKnownFileType = sourcecode.c.h; path = kwrite_IOSurface.h; sourceTree = "<group>"; };
		8CC7F5322A765BED004C6F30 /* IOSurface.h */ = {isa = PBXFileReference; lastKnownFileType = sourcecode.c.h; path = IOSurface.h; sourceTree = "<group>"; };
		9E2021B02A90E03E002DC058 /* kalloc.h */ = {isa = PBXFileReference; lastKnownFileType = sourcecode.c.h; path = kalloc.h; sourceTree = "<group>"; };
		9E5B35B12A8BBEB20045080E /* pmap.m */ = {isa = PBXFileReference; lastKnownFileType = sourcecode.c.objc; path = pmap.m; sourceTree = "<group>"; };
		9E5B35B32A8BBED70045080E /* pte.h */ = {isa = PBXFileReference; lastKnownFileType = sourcecode.c.h; path = pte.h; sourceTree = "<group>"; };
		9E5B35B42A8BC3100045080E /* stable_kcall.m */ = {isa = PBXFileReference; lastKnownFileType = sourcecode.c.objc; path = stable_kcall.m; sourceTree = "<group>"; };
		9E5B35B62A8BCAE30045080E /* kalloc.m */ = {isa = PBXFileReference; lastKnownFileType = sourcecode.c.objc; path = kalloc.m; sourceTree = "<group>"; };
		9E5B35B82A8BE6850045080E /* kcall_handoff.swift */ = {isa = PBXFileReference; lastKnownFileType = sourcecode.swift; path = kcall_handoff.swift; sourceTree = "<group>"; };
		9E5B35BD2A8BE9D50045080E /* kfd-Bridging-Header.h */ = {isa = PBXFileReference; lastKnownFileType = sourcecode.c.h; path = "kfd-Bridging-Header.h"; sourceTree = "<group>"; };
		9E5B6FFD2A82D0ED00008A38 /* Bootstrapper.swift */ = {isa = PBXFileReference; lastKnownFileType = sourcecode.swift; path = Bootstrapper.swift; sourceTree = "<group>"; };
		9E69C7402A8BA71500ACB249 /* kc.img4 */ = {isa = PBXFileReference; lastKnownFileType = "compiled.mach-o.executable"; path = kc.img4; sourceTree = "<group>"; };
		9EAC51382A85A24800901A45 /* cdhash.m */ = {isa = PBXFileReference; lastKnownFileType = sourcecode.c.objc; path = cdhash.m; sourceTree = "<group>"; };
		9EAC513A2A85A5B000901A45 /* KPF.swift */ = {isa = PBXFileReference; lastKnownFileType = sourcecode.swift; path = KPF.swift; sourceTree = "<group>"; };
		9ECD1AA52A811E160002FA6B /* jailbreakd */ = {isa = PBXFileReference; explicitFileType = "compiled.mach-o.executable"; includeInIndex = 0; path = jailbreakd; sourceTree = BUILT_PRODUCTS_DIR; };
		CE02EE9E2A8A6B6A000CDB70 /* jailbreakd.h */ = {isa = PBXFileReference; lastKnownFileType = sourcecode.c.h; path = jailbreakd.h; sourceTree = "<group>"; };
		CE156C0C2A89666200970996 /* intermediate.m */ = {isa = PBXFileReference; lastKnownFileType = sourcecode.c.objc; path = intermediate.m; sourceTree = "<group>"; };
		CE356F992A87F9F900F0C8A3 /* main.m */ = {isa = PBXFileReference; lastKnownFileType = sourcecode.c.objc; path = main.m; sourceTree = "<group>"; };
		CE356F9B2A87FDA000F0C8A3 /* ipc_hook.m */ = {isa = PBXFileReference; lastKnownFileType = sourcecode.c.objc; path = ipc_hook.m; sourceTree = "<group>"; };
		CE356F9D2A87FE3B00F0C8A3 /* substrate.h */ = {isa = PBXFileReference; lastKnownFileType = sourcecode.c.h; path = substrate.h; sourceTree = "<group>"; };
		CE356F9F2A87FF4E00F0C8A3 /* sandbox.h */ = {isa = PBXFileReference; lastKnownFileType = sourcecode.c.h; path = sandbox.h; sourceTree = "<group>"; };
		CE356FA02A87FFDE00F0C8A3 /* libellekit.tbd */ = {isa = PBXFileReference; lastKnownFileType = "sourcecode.text-based-dylib-definition"; path = libellekit.tbd; sourceTree = "<group>"; };
		CE356FA22A8801FB00F0C8A3 /* hooks.h */ = {isa = PBXFileReference; lastKnownFileType = sourcecode.c.h; path = hooks.h; sourceTree = "<group>"; };
		CE356FA82A880A9E00F0C8A3 /* entitlements.plist */ = {isa = PBXFileReference; fileEncoding = 4; lastKnownFileType = text.plist.xml; path = entitlements.plist; sourceTree = "<group>"; };
		CE4977862A8A7803004E213B /* zstd.h */ = {isa = PBXFileReference; lastKnownFileType = sourcecode.c.h; path = zstd.h; sourceTree = "<group>"; };
		CE4977872A8A78DC004E213B /* zstd_wrapper.m */ = {isa = PBXFileReference; lastKnownFileType = sourcecode.c.objc; path = zstd_wrapper.m; sourceTree = "<group>"; };
		CE4977892A8A78F8004E213B /* Info.plist */ = {isa = PBXFileReference; lastKnownFileType = text.plist; path = Info.plist; sourceTree = "<group>"; };
		CE49778D2A8A90F8004E213B /* bootstrap-iphoneos-arm64.tar.zst */ = {isa = PBXFileReference; lastKnownFileType = file; path = "bootstrap-iphoneos-arm64.tar.zst"; sourceTree = "<group>"; };
		CE4A1B922A912FFA00167938 /* krw_remote.h */ = {isa = PBXFileReference; lastKnownFileType = sourcecode.c.h; path = krw_remote.h; sourceTree = "<group>"; };
		CE4A1B932A91326B00167938 /* kalloc.m */ = {isa = PBXFileReference; fileEncoding = 4; lastKnownFileType = sourcecode.c.objc; name = kalloc.m; path = kfd/Utilities/kalloc.m; sourceTree = SOURCE_ROOT; };
		CE4A1B942A91326B00167938 /* kalloc.h */ = {isa = PBXFileReference; fileEncoding = 4; lastKnownFileType = sourcecode.c.h; name = kalloc.h; path = kfd/Utilities/kalloc.h; sourceTree = SOURCE_ROOT; };
		CE60F9052A867C97004BDE2A /* Jailbreak.swift */ = {isa = PBXFileReference; lastKnownFileType = sourcecode.swift; path = Jailbreak.swift; sourceTree = "<group>"; };
		CE6D10382A87C414004C6CCC /* Server.swift */ = {isa = PBXFileReference; fileEncoding = 4; lastKnownFileType = sourcecode.swift; path = Server.swift; sourceTree = "<group>"; };
		CE6D103A2A87C414004C6CCC /* Bridge.h */ = {isa = PBXFileReference; fileEncoding = 4; lastKnownFileType = sourcecode.c.h; path = Bridge.h; sourceTree = "<group>"; };
		CE6D103C2A87C414004C6CCC /* connection.h */ = {isa = PBXFileReference; fileEncoding = 4; lastKnownFileType = sourcecode.c.h; path = connection.h; sourceTree = "<group>"; };
		CE6D103D2A87C414004C6CCC /* endpoint.h */ = {isa = PBXFileReference; fileEncoding = 4; lastKnownFileType = sourcecode.c.h; path = endpoint.h; sourceTree = "<group>"; };
		CE6D103E2A87C414004C6CCC /* debug.h */ = {isa = PBXFileReference; fileEncoding = 4; lastKnownFileType = sourcecode.c.h; path = debug.h; sourceTree = "<group>"; };
		CE6D103F2A87C414004C6CCC /* availability.h */ = {isa = PBXFileReference; fileEncoding = 4; lastKnownFileType = sourcecode.c.h; path = availability.h; sourceTree = "<group>"; };
		CE6D10402A87C414004C6CCC /* private.h */ = {isa = PBXFileReference; fileEncoding = 4; lastKnownFileType = sourcecode.c.h; path = private.h; sourceTree = "<group>"; };
		CE6D10412A87C414004C6CCC /* xpc.h */ = {isa = PBXFileReference; fileEncoding = 4; lastKnownFileType = sourcecode.c.h; path = xpc.h; sourceTree = "<group>"; };
		CE6D10422A87C414004C6CCC /* activity.h */ = {isa = PBXFileReference; fileEncoding = 4; lastKnownFileType = sourcecode.c.h; path = activity.h; sourceTree = "<group>"; };
		CE6D10432A87C414004C6CCC /* base.h */ = {isa = PBXFileReference; fileEncoding = 4; lastKnownFileType = sourcecode.c.h; path = base.h; sourceTree = "<group>"; };
		CE6D10442A87C414004C6CCC /* Launch.h */ = {isa = PBXFileReference; fileEncoding = 4; lastKnownFileType = sourcecode.c.h; path = Launch.h; sourceTree = "<group>"; };
		CE6D10452A87C414004C6CCC /* main.m */ = {isa = PBXFileReference; fileEncoding = 4; lastKnownFileType = sourcecode.c.objc; path = main.m; sourceTree = "<group>"; };
		CE7141242A9257CB0065FDC2 /* cdhash.h */ = {isa = PBXFileReference; lastKnownFileType = sourcecode.c.h; path = cdhash.h; sourceTree = "<group>"; };
		CE7141262A92590A0065FDC2 /* StringError.swift */ = {isa = PBXFileReference; lastKnownFileType = sourcecode.swift; path = StringError.swift; sourceTree = "<group>"; };
		CE78F6ED2A91FBA400C3826C /* swift_stub.swift */ = {isa = PBXFileReference; lastKnownFileType = sourcecode.swift; path = swift_stub.swift; sourceTree = "<group>"; };
		CE9083C12A928DE500B14716 /* testexec */ = {isa = PBXFileReference; explicitFileType = "compiled.mach-o.executable"; includeInIndex = 0; path = testexec; sourceTree = BUILT_PRODUCTS_DIR; };
		CE9083C32A928E1D00B14716 /* main.swift */ = {isa = PBXFileReference; lastKnownFileType = sourcecode.swift; path = main.swift; sourceTree = "<group>"; };
		CE9D64D52A9137A300E12A6D /* spawn_hook.m */ = {isa = PBXFileReference; lastKnownFileType = sourcecode.c.objc; path = spawn_hook.m; sourceTree = "<group>"; };
		CE9D64D82A91407C00E12A6D /* hook_common.h */ = {isa = PBXFileReference; lastKnownFileType = sourcecode.c.h; path = hook_common.h; sourceTree = "<group>"; };
		CE9D64D92A91407C00E12A6D /* hook_common.m */ = {isa = PBXFileReference; lastKnownFileType = sourcecode.c.objc; path = hook_common.m; sourceTree = "<group>"; };
		CE9D64E22A914A8E00E12A6D /* IOKit.framework */ = {isa = PBXFileReference; lastKnownFileType = wrapper.framework; name = IOKit.framework; path = System/Library/Frameworks/IOKit.framework; sourceTree = SDKROOT; };
		CE9FD8B72A88CAFF002ACBAC /* CydiaSubstrate.framework */ = {isa = PBXFileReference; lastKnownFileType = wrapper.framework; path = CydiaSubstrate.framework; sourceTree = "<group>"; };
		CE9FD8BC2A88CC40002ACBAC /* opainject */ = {isa = PBXFileReference; lastKnownFileType = "compiled.mach-o.executable"; path = opainject; sourceTree = "<group>"; };
		CECE0C872A8AD5A800B2A4E7 /* csblob.h */ = {isa = PBXFileReference; lastKnownFileType = sourcecode.c.h; path = csblob.h; sourceTree = "<group>"; };
		CECE0C8A2A8AD70700B2A4E7 /* trustcache_structs.h */ = {isa = PBXFileReference; lastKnownFileType = sourcecode.c.h; path = trustcache_structs.h; sourceTree = "<group>"; };
		CECE0C8B2A8AD7B800B2A4E7 /* JBDTCPage.h */ = {isa = PBXFileReference; lastKnownFileType = sourcecode.c.h; path = JBDTCPage.h; sourceTree = "<group>"; };
		CECE0C8C2A8AD89E00B2A4E7 /* JBDTCPage.m */ = {isa = PBXFileReference; lastKnownFileType = sourcecode.c.objc; path = JBDTCPage.m; sourceTree = "<group>"; };
		CECE0C8F2A8AD8F400B2A4E7 /* boot_info.h */ = {isa = PBXFileReference; lastKnownFileType = sourcecode.c.h; path = boot_info.h; sourceTree = "<group>"; };
		CECE0C902A8AD93000B2A4E7 /* boot_info.m */ = {isa = PBXFileReference; lastKnownFileType = sourcecode.c.objc; path = boot_info.m; sourceTree = "<group>"; };
		CED15F982A87D529004BF0DA /* launchdhook.dylib */ = {isa = PBXFileReference; explicitFileType = archive.ar; includeInIndex = 0; path = launchdhook.dylib; sourceTree = BUILT_PRODUCTS_DIR; };
		CED61C5E2A86507900BC9912 /* Logging.m */ = {isa = PBXFileReference; lastKnownFileType = sourcecode.c.objc; path = Logging.m; sourceTree = "<group>"; };
		CED61C602A86525100BC9912 /* Logging.h */ = {isa = PBXFileReference; lastKnownFileType = sourcecode.c.h; path = Logging.h; sourceTree = "<group>"; };
		CED61C632A865BA800BC9912 /* libkfd.h */ = {isa = PBXFileReference; lastKnownFileType = sourcecode.c.h; path = libkfd.h; sourceTree = "<group>"; };
		CED7B5A42A912AD000018F86 /* trustcache.m */ = {isa = PBXFileReference; lastKnownFileType = sourcecode.c.objc; path = trustcache.m; sourceTree = "<group>"; };
		CED7B5A62A912ADB00018F86 /* trustcache.h */ = {isa = PBXFileReference; lastKnownFileType = sourcecode.c.h; path = trustcache.h; sourceTree = "<group>"; };
		CEF43F1C2A8A69FD006756B5 /* libjailbreak.a */ = {isa = PBXFileReference; explicitFileType = archive.ar; includeInIndex = 0; path = libjailbreak.a; sourceTree = BUILT_PRODUCTS_DIR; };
		CEF43F1E2A8A69FD006756B5 /* libjailbreak.h */ = {isa = PBXFileReference; lastKnownFileType = sourcecode.c.h; path = libjailbreak.h; sourceTree = "<group>"; };
		CEF43F1F2A8A69FD006756B5 /* jailbreakd.m */ = {isa = PBXFileReference; lastKnownFileType = sourcecode.c.objc; path = jailbreakd.m; sourceTree = "<group>"; };
		CEFA7BA52A91EE8E0050B18D /* envbuf.h */ = {isa = PBXFileReference; lastKnownFileType = sourcecode.c.h; path = envbuf.h; sourceTree = "<group>"; };
		CEFA7BA62A91EE8E0050B18D /* envbuf.c */ = {isa = PBXFileReference; lastKnownFileType = sourcecode.c.c; path = envbuf.c; sourceTree = "<group>"; };
		CEFA7BAA2A91F7540050B18D /* jb_utils.h */ = {isa = PBXFileReference; lastKnownFileType = sourcecode.c.h; path = jb_utils.h; sourceTree = "<group>"; };
		CEFA7BAB2A91F7C60050B18D /* jb_utils.m */ = {isa = PBXFileReference; lastKnownFileType = sourcecode.c.objc; path = jb_utils.m; sourceTree = "<group>"; };
/* End PBXFileReference section */

/* Begin PBXFrameworksBuildPhase section */
		297BA1022A310AE100D1E51A /* Frameworks */ = {
			isa = PBXFrameworksBuildPhase;
			buildActionMask = 2147483647;
			files = (
				9ECD1AB72A81246B0002FA6B /* KernelPatchfinder in Frameworks */,
				CEF43F252A8A6A62006756B5 /* libjailbreak.a in Frameworks */,
				CE49778C2A8A7B18004E213B /* libzstd in Frameworks */,
			);
			runOnlyForDeploymentPostprocessing = 0;
		};
		9ECD1AA22A811E160002FA6B /* Frameworks */ = {
			isa = PBXFrameworksBuildPhase;
			buildActionMask = 2147483647;
			files = (
				9E2021B42A92272B002DC058 /* KernelPatchfinder in Frameworks */,
				CED7B5A02A9126A400018F86 /* libjailbreak.a in Frameworks */,
			);
			runOnlyForDeploymentPostprocessing = 0;
		};
		CE9083BB2A928DE500B14716 /* Frameworks */ = {
			isa = PBXFrameworksBuildPhase;
			buildActionMask = 2147483647;
			files = (
				CE9083BC2A928DE500B14716 /* KernelPatchfinder in Frameworks */,
				CE9083BD2A928DE500B14716 /* libjailbreak.a in Frameworks */,
			);
			runOnlyForDeploymentPostprocessing = 0;
		};
		CED15F952A87D529004BF0DA /* Frameworks */ = {
			isa = PBXFrameworksBuildPhase;
			buildActionMask = 2147483647;
			files = (
				CE9D64E02A914A2200E12A6D /* libjailbreak.a in Frameworks */,
				CE356FA12A87FFF400F0C8A3 /* libellekit.tbd in Frameworks */,
			);
			runOnlyForDeploymentPostprocessing = 0;
		};
		CEF43F192A8A69FD006756B5 /* Frameworks */ = {
			isa = PBXFrameworksBuildPhase;
			buildActionMask = 2147483647;
			files = (
				CE9D64E32A914A8E00E12A6D /* IOKit.framework in Frameworks */,
			);
			runOnlyForDeploymentPostprocessing = 0;
		};
/* End PBXFrameworksBuildPhase section */

/* Begin PBXGroup section */
		2948BA6A2A3162C600B2ED3C /* libkfd */ = {
			isa = PBXGroup;
			children = (
				2948BA6E2A3162FD00B2ED3C /* common.h */,
				2948BA6B2A3162DE00B2ED3C /* info */,
				2948BA6F2A31630800B2ED3C /* info.h */,
				2948BA6C2A3162E400B2ED3C /* krkw */,
				2948BA702A31631000B2ED3C /* krkw.h */,
				29A765292A393FCB006617E8 /* perf.h */,
				2948BA6D2A3162E900B2ED3C /* puaf */,
				2948BA712A31631C00B2ED3C /* puaf.h */,
			);
			path = libkfd;
			sourceTree = "<group>";
		};
		2948BA6B2A3162DE00B2ED3C /* info */ = {
			isa = PBXGroup;
			children = (
				2948BA7B2A31642200B2ED3C /* dynamic_types */,
				2948BA7A2A31641B00B2ED3C /* static_types */,
			);
			path = info;
			sourceTree = "<group>";
		};
		2948BA6C2A3162E400B2ED3C /* krkw */ = {
			isa = PBXGroup;
			children = (
				2948BA742A31639800B2ED3C /* kread */,
				2948BA752A31639D00B2ED3C /* kwrite */,
				8C0AF3522A75B2DA0065C9DD /* IOSurface_shared.h */,
			);
			path = krkw;
			sourceTree = "<group>";
		};
		2948BA6D2A3162E900B2ED3C /* puaf */ = {
			isa = PBXGroup;
			children = (
				2948BA722A31636600B2ED3C /* physpuppet.h */,
				29A358F32A43B53300C297A1 /* smith.h */,
			);
			path = puaf;
			sourceTree = "<group>";
		};
		2948BA742A31639800B2ED3C /* kread */ = {
			isa = PBXGroup;
			children = (
				2948BA762A3163AB00B2ED3C /* kread_kqueue_workloop_ctl.h */,
				2948BA772A3163B900B2ED3C /* kread_sem_open.h */,
				8C0AF3512A75B21A0065C9DD /* kread_IOSurface.h */,
			);
			path = kread;
			sourceTree = "<group>";
		};
		2948BA752A31639D00B2ED3C /* kwrite */ = {
			isa = PBXGroup;
			children = (
				2948BA782A3163C500B2ED3C /* kwrite_dup.h */,
				2948BA792A3163D200B2ED3C /* kwrite_sem_open.h */,
				8CC7F5312A762D46004C6F30 /* kwrite_IOSurface.h */,
			);
			path = kwrite;
			sourceTree = "<group>";
		};
		2948BA7A2A31641B00B2ED3C /* static_types */ = {
			isa = PBXGroup;
			children = (
				29A7652B2A3943AB006617E8 /* fileglob.h */,
				29125B712A4DD3940031761B /* fileops.h */,
				2948BA822A3164E900B2ED3C /* fileproc_guard.h */,
				2948BA832A3164FD00B2ED3C /* fileproc.h */,
				29A7652C2A3943B5006617E8 /* ipc_entry.h */,
				29A7652D2A3943BD006617E8 /* ipc_port.h */,
				29A7652E2A3943CB006617E8 /* ipc_space.h */,
				29125B6F2A4C807F0031761B /* miscellaneous_types.h */,
				29A7652F2A3943DC006617E8 /* pmap.h */,
				2948BA842A31651700B2ED3C /* pseminfo.h */,
				2948BA852A31652700B2ED3C /* psemnode.h */,
				2948BA862A31653C00B2ED3C /* semaphore.h */,
				29A765302A3943EB006617E8 /* vm_map_copy.h */,
				2948BA872A31655600B2ED3C /* vm_map_entry.h */,
				29A765312A3943F6006617E8 /* vm_named_entry.h */,
				29A765322A394407006617E8 /* vm_object.h */,
				29A765332A394412006617E8 /* vm_page.h */,
			);
			path = static_types;
			sourceTree = "<group>";
		};
		2948BA7B2A31642200B2ED3C /* dynamic_types */ = {
			isa = PBXGroup;
			children = (
				2948BA7C2A31644B00B2ED3C /* kqworkloop.h */,
				2948BA7D2A31647D00B2ED3C /* proc.h */,
				2948BA7E2A31649400B2ED3C /* task.h */,
				29A53F692A32255600BC9544 /* thread.h */,
				29A53F6A2A32255E00BC9544 /* uthread.h */,
				2948BA812A3164CC00B2ED3C /* vm_map.h */,
				8CC7F5322A765BED004C6F30 /* IOSurface.h */,
			);
			path = dynamic_types;
			sourceTree = "<group>";
		};
		297BA0FC2A310AE100D1E51A = {
			isa = PBXGroup;
			children = (
				297BA1072A310AE100D1E51A /* kfd */,
				CE6D10342A87C3BC004C6CCC /* Shared */,
				9ECD1AA62A811E160002FA6B /* jailbreakd */,
				CE9083C22A928E1500B14716 /* testexec */,
				CED15F992A87D529004BF0DA /* launchdhook */,
				CEF43F1D2A8A69FD006756B5 /* libjailbreak */,
				297BA1062A310AE100D1E51A /* Products */,
				8C0AF3562A75B6BE0065C9DD /* Frameworks */,
			);
			sourceTree = "<group>";
		};
		297BA1062A310AE100D1E51A /* Products */ = {
			isa = PBXGroup;
			children = (
				297BA1052A310AE100D1E51A /* kfd.app */,
				9ECD1AA52A811E160002FA6B /* jailbreakd */,
				CED15F982A87D529004BF0DA /* launchdhook.dylib */,
				CEF43F1C2A8A69FD006756B5 /* libjailbreak.a */,
				CE9083C12A928DE500B14716 /* testexec */,
			);
			name = Products;
			sourceTree = "<group>";
		};
		297BA1072A310AE100D1E51A /* kfd */ = {
			isa = PBXGroup;
			children = (
				CE4977892A8A78F8004E213B /* Info.plist */,
				297BA1082A310AE100D1E51A /* kfdApp.swift */,
				297BA10A2A310AE100D1E51A /* ContentView.swift */,
				CE60F9042A8676AB004BDE2A /* Utilities */,
				CE60F9032A8674C9004BDE2A /* Exploit */,
				297BA10E2A310AE200D1E51A /* kfd.entitlements */,
				9E69C7402A8BA71500ACB249 /* kc.img4 */,
				297BA10F2A310AE200D1E51A /* Preview Content */,
				CE9FD8BA2A88CC20002ACBAC /* Resources */,
				297BA10C2A310AE200D1E51A /* Assets.xcassets */,
				9E5B35B82A8BE6850045080E /* kcall_handoff.swift */,
			);
			path = kfd;
			sourceTree = "<group>";
		};
		297BA10F2A310AE200D1E51A /* Preview Content */ = {
			isa = PBXGroup;
			children = (
				297BA1102A310AE200D1E51A /* Preview Assets.xcassets */,
			);
			path = "Preview Content";
			sourceTree = "<group>";
		};
		8C0AF3562A75B6BE0065C9DD /* Frameworks */ = {
			isa = PBXGroup;
			children = (
				CE9D64E22A914A8E00E12A6D /* IOKit.framework */,
			);
			name = Frameworks;
			sourceTree = "<group>";
		};
		9ECD1AA62A811E160002FA6B /* jailbreakd */ = {
			isa = PBXGroup;
			children = (
				CE356FA82A880A9E00F0C8A3 /* entitlements.plist */,
				CE6D10382A87C414004C6CCC /* Server.swift */,
				CE6D10452A87C414004C6CCC /* main.m */,
				CED7B5A32A912A9800018F86 /* Trustcache */,
				CE6D10392A87C414004C6CCC /* include */,
			);
			path = jailbreakd;
			sourceTree = "<group>";
		};
		CE356F9E2A87FE6800F0C8A3 /* include */ = {
			isa = PBXGroup;
			children = (
				CE6D103B2A87C414004C6CCC /* xpc */,
				CE356F9D2A87FE3B00F0C8A3 /* substrate.h */,
				CE4977862A8A7803004E213B /* zstd.h */,
				6FB05A122A7E6D6B00684A87 /* IOKit.h */,
				CE356F9F2A87FF4E00F0C8A3 /* sandbox.h */,
			);
			path = include;
			sourceTree = "<group>";
		};
		CE60F9032A8674C9004BDE2A /* Exploit */ = {
			isa = PBXGroup;
			children = (
				2948BA6A2A3162C600B2ED3C /* libkfd */,
				2965065D2A31565B0025D1A7 /* kfd-bridge.h */,
				9E5B35BD2A8BE9D50045080E /* kfd-Bridging-Header.h */,
				CED61C632A865BA800BC9912 /* libkfd.h */,
				CE156C0C2A89666200970996 /* intermediate.m */,
				6FEC680F2A7FC1DA000264D8 /* mineekpf.h */,
			);
			path = Exploit;
			sourceTree = "<group>";
		};
		CE60F9042A8676AB004BDE2A /* Utilities */ = {
			isa = PBXGroup;
			children = (
				CE60F9052A867C97004BDE2A /* Jailbreak.swift */,
				9E5B6FFD2A82D0ED00008A38 /* Bootstrapper.swift */,
				9EAC513A2A85A5B000901A45 /* KPF.swift */,
				CED61C5E2A86507900BC9912 /* Logging.m */,
				CED61C602A86525100BC9912 /* Logging.h */,
				CE4977872A8A78DC004E213B /* zstd_wrapper.m */,
				CE4A1B942A91326B00167938 /* kalloc.h */,
				CE4A1B932A91326B00167938 /* kalloc.m */,
				9E5B35B12A8BBEB20045080E /* pmap.m */,
				9E5B35B32A8BBED70045080E /* pte.h */,
				9E5B35B42A8BC3100045080E /* stable_kcall.m */,
				9E5B35B62A8BCAE30045080E /* kalloc.m */,
				9E2021B02A90E03E002DC058 /* kalloc.h */,
			);
			path = Utilities;
			sourceTree = "<group>";
		};
		CE6D10342A87C3BC004C6CCC /* Shared */ = {
			isa = PBXGroup;
			children = (
				CE9D64D82A91407C00E12A6D /* hook_common.h */,
				CE9D64D92A91407C00E12A6D /* hook_common.m */,
				CEFA7BA52A91EE8E0050B18D /* envbuf.h */,
				CEFA7BA62A91EE8E0050B18D /* envbuf.c */,
				CE356FA02A87FFDE00F0C8A3 /* libellekit.tbd */,
				CE356F9E2A87FE6800F0C8A3 /* include */,
			);
			path = Shared;
			sourceTree = "<group>";
		};
		CE6D10392A87C414004C6CCC /* include */ = {
			isa = PBXGroup;
			children = (
				CE6D103A2A87C414004C6CCC /* Bridge.h */,
				CE4A1B922A912FFA00167938 /* krw_remote.h */,
				CE6D10442A87C414004C6CCC /* Launch.h */,
			);
			path = include;
			sourceTree = "<group>";
		};
		CE6D103B2A87C414004C6CCC /* xpc */ = {
			isa = PBXGroup;
			children = (
				CE6D103C2A87C414004C6CCC /* connection.h */,
				CE6D103D2A87C414004C6CCC /* endpoint.h */,
				CE6D103E2A87C414004C6CCC /* debug.h */,
				CE6D103F2A87C414004C6CCC /* availability.h */,
				CE6D10402A87C414004C6CCC /* private.h */,
				CE6D10412A87C414004C6CCC /* xpc.h */,
				CE6D10422A87C414004C6CCC /* activity.h */,
				CE6D10432A87C414004C6CCC /* base.h */,
			);
			path = xpc;
			sourceTree = "<group>";
		};
		CE9083C22A928E1500B14716 /* testexec */ = {
			isa = PBXGroup;
			children = (
				CE9083C32A928E1D00B14716 /* main.swift */,
			);
			path = testexec;
			sourceTree = "<group>";
		};
		CE9FD8BA2A88CC20002ACBAC /* Resources */ = {
			isa = PBXGroup;
			children = (
				CE49778D2A8A90F8004E213B /* bootstrap-iphoneos-arm64.tar.zst */,
				CE9FD8B72A88CAFF002ACBAC /* CydiaSubstrate.framework */,
				CE9FD8BC2A88CC40002ACBAC /* opainject */,
			);
			path = Resources;
			sourceTree = "<group>";
		};
		CED15F992A87D529004BF0DA /* launchdhook */ = {
			isa = PBXGroup;
			children = (
				CE356F992A87F9F900F0C8A3 /* main.m */,
				CE356FA22A8801FB00F0C8A3 /* hooks.h */,
				CE356F9B2A87FDA000F0C8A3 /* ipc_hook.m */,
				CE9D64D52A9137A300E12A6D /* spawn_hook.m */,
				CE78F6ED2A91FBA400C3826C /* swift_stub.swift */,
			);
			path = launchdhook;
			sourceTree = "<group>";
		};
		CED7B5A32A912A9800018F86 /* Trustcache */ = {
			isa = PBXGroup;
			children = (
				CECE0C8C2A8AD89E00B2A4E7 /* JBDTCPage.m */,
				CECE0C8B2A8AD7B800B2A4E7 /* JBDTCPage.h */,
				CED7B5A42A912AD000018F86 /* trustcache.m */,
				CED7B5A62A912ADB00018F86 /* trustcache.h */,
				CECE0C8A2A8AD70700B2A4E7 /* trustcache_structs.h */,
			);
			path = Trustcache;
			sourceTree = "<group>";
		};
		CEF43F1D2A8A69FD006756B5 /* libjailbreak */ = {
			isa = PBXGroup;
			children = (
				CEF43F1E2A8A69FD006756B5 /* libjailbreak.h */,
				CE02EE9E2A8A6B6A000CDB70 /* jailbreakd.h */,
				CECE0C872A8AD5A800B2A4E7 /* csblob.h */,
				CEFA7BAA2A91F7540050B18D /* jb_utils.h */,
				CECE0C8F2A8AD8F400B2A4E7 /* boot_info.h */,
				CE7141242A9257CB0065FDC2 /* cdhash.h */,
				CEFA7BAB2A91F7C60050B18D /* jb_utils.m */,
				CEF43F1F2A8A69FD006756B5 /* jailbreakd.m */,
				CECE0C902A8AD93000B2A4E7 /* boot_info.m */,
				9EAC51382A85A24800901A45 /* cdhash.m */,
				CE7141262A92590A0065FDC2 /* StringError.swift */,
			);
			path = libjailbreak;
			sourceTree = "<group>";
		};
/* End PBXGroup section */

/* Begin PBXNativeTarget section */
		297BA1042A310AE100D1E51A /* kfd */ = {
			isa = PBXNativeTarget;
			buildConfigurationList = 297BA1142A310AE200D1E51A /* Build configuration list for PBXNativeTarget "kfd" */;
			buildPhases = (
				297BA1012A310AE100D1E51A /* Sources */,
				297BA1022A310AE100D1E51A /* Frameworks */,
				297BA1032A310AE100D1E51A /* Resources */,
				9ECD1AAD2A811E870002FA6B /* Copy Files */,
				CE9FD8B62A88CAAC002ACBAC /* CopyFiles */,
				CE5E3E3A2A88F26E00133C63 /* Embed Frameworks */,
			);
			buildRules = (
			);
			dependencies = (
				CE9083C82A928E5A00B14716 /* PBXTargetDependency */,
				9ECD1AB02A811EA90002FA6B /* PBXTargetDependency */,
				CEF43F272A8A6A62006756B5 /* PBXTargetDependency */,
			);
			name = kfd;
			packageProductDependencies = (
				9ECD1AB62A81246B0002FA6B /* KernelPatchfinder */,
				CE49778B2A8A7B18004E213B /* libzstd */,
			);
			productName = kfd;
			productReference = 297BA1052A310AE100D1E51A /* kfd.app */;
			productType = "com.apple.product-type.application";
		};
		9ECD1AA42A811E160002FA6B /* jailbreakd */ = {
			isa = PBXNativeTarget;
			buildConfigurationList = 9ECD1AAB2A811E160002FA6B /* Build configuration list for PBXNativeTarget "jailbreakd" */;
			buildPhases = (
				9ECD1AA12A811E160002FA6B /* Sources */,
				9ECD1AA22A811E160002FA6B /* Frameworks */,
			);
			buildRules = (
			);
			dependencies = (
				CED7B5A22A9126A400018F86 /* PBXTargetDependency */,
			);
			name = jailbreakd;
			packageProductDependencies = (
				9E2021B32A92272B002DC058 /* KernelPatchfinder */,
			);
			productName = jailbreakd;
			productReference = 9ECD1AA52A811E160002FA6B /* jailbreakd */;
			productType = "com.apple.product-type.tool";
		};
		CE9083AD2A928DE500B14716 /* testexec */ = {
			isa = PBXNativeTarget;
			buildConfigurationList = CE9083BE2A928DE500B14716 /* Build configuration list for PBXNativeTarget "testexec" */;
			buildPhases = (
				CE9083B22A928DE500B14716 /* Sources */,
				CE9083BB2A928DE500B14716 /* Frameworks */,
			);
			buildRules = (
			);
			dependencies = (
				CE9083AE2A928DE500B14716 /* PBXTargetDependency */,
			);
			name = testexec;
			packageProductDependencies = (
				CE9083B02A928DE500B14716 /* KernelPatchfinder */,
			);
			productName = jailbreakd;
			productReference = CE9083C12A928DE500B14716 /* testexec */;
			productType = "com.apple.product-type.tool";
		};
		CED15F972A87D529004BF0DA /* launchdhook */ = {
			isa = PBXNativeTarget;
			buildConfigurationList = CED15F9C2A87D529004BF0DA /* Build configuration list for PBXNativeTarget "launchdhook" */;
			buildPhases = (
				CED15F942A87D529004BF0DA /* Sources */,
				CED15F952A87D529004BF0DA /* Frameworks */,
				CED15F962A87D529004BF0DA /* CopyFiles */,
				CE9FD8BF2A88CC7F002ACBAC /* ShellScript */,
			);
			buildRules = (
			);
			dependencies = (
			);
			name = launchdhook;
			productName = launchdhook;
			productReference = CED15F982A87D529004BF0DA /* launchdhook.dylib */;
			productType = "com.apple.product-type.library.static";
		};
		CEF43F1B2A8A69FD006756B5 /* libjailbreak */ = {
			isa = PBXNativeTarget;
			buildConfigurationList = CEF43F222A8A69FD006756B5 /* Build configuration list for PBXNativeTarget "libjailbreak" */;
			buildPhases = (
				CEF43F182A8A69FD006756B5 /* Sources */,
				CEF43F192A8A69FD006756B5 /* Frameworks */,
				CEF43F1A2A8A69FD006756B5 /* CopyFiles */,
			);
			buildRules = (
			);
			dependencies = (
			);
			name = libjailbreak;
			productName = libjailbreak;
			productReference = CEF43F1C2A8A69FD006756B5 /* libjailbreak.a */;
			productType = "com.apple.product-type.library.static";
		};
/* End PBXNativeTarget section */

/* Begin PBXProject section */
		297BA0FD2A310AE100D1E51A /* Project object */ = {
			isa = PBXProject;
			attributes = {
				BuildIndependentTargetsInParallel = 1;
				LastSwiftUpdateCheck = 1500;
				LastUpgradeCheck = 1430;
				TargetAttributes = {
					297BA1042A310AE100D1E51A = {
						CreatedOnToolsVersion = 14.3.1;
						LastSwiftMigration = 1430;
					};
					9ECD1AA42A811E160002FA6B = {
						CreatedOnToolsVersion = 15.0;
						LastSwiftMigration = 1500;
					};
					CED15F972A87D529004BF0DA = {
						CreatedOnToolsVersion = 15.0;
						LastSwiftMigration = 1500;
					};
					CEF43F1B2A8A69FD006756B5 = {
						CreatedOnToolsVersion = 15.0;
						LastSwiftMigration = 1500;
					};
				};
			};
			buildConfigurationList = 297BA1002A310AE100D1E51A /* Build configuration list for PBXProject "kfd" */;
			compatibilityVersion = "Xcode 14.0";
			developmentRegion = en;
			hasScannedForEncodings = 0;
			knownRegions = (
				en,
				Base,
			);
			mainGroup = 297BA0FC2A310AE100D1E51A;
			packageReferences = (
				9ECD1AB52A81246B0002FA6B /* XCRemoteSwiftPackageReference "KernelPatchfinder" */,
				CE49778A2A8A7B18004E213B /* XCRemoteSwiftPackageReference "zstd" */,
			);
			productRefGroup = 297BA1062A310AE100D1E51A /* Products */;
			projectDirPath = "";
			projectRoot = "";
			targets = (
				297BA1042A310AE100D1E51A /* kfd */,
				9ECD1AA42A811E160002FA6B /* jailbreakd */,
				CED15F972A87D529004BF0DA /* launchdhook */,
				CEF43F1B2A8A69FD006756B5 /* libjailbreak */,
				CE9083AD2A928DE500B14716 /* testexec */,
			);
		};
/* End PBXProject section */

/* Begin PBXResourcesBuildPhase section */
		297BA1032A310AE100D1E51A /* Resources */ = {
			isa = PBXResourcesBuildPhase;
			buildActionMask = 2147483647;
			files = (
				297BA1112A310AE200D1E51A /* Preview Assets.xcassets in Resources */,
				297BA10D2A310AE200D1E51A /* Assets.xcassets in Resources */,
			);
			runOnlyForDeploymentPostprocessing = 0;
		};
/* End PBXResourcesBuildPhase section */

/* Begin PBXShellScriptBuildPhase section */
		CE9FD8BF2A88CC7F002ACBAC /* ShellScript */ = {
			isa = PBXShellScriptBuildPhase;
			buildActionMask = 2147483647;
			files = (
			);
			inputFileListPaths = (
			);
			inputPaths = (
			);
			outputFileListPaths = (
			);
			outputPaths = (
			);
			runOnlyForDeploymentPostprocessing = 0;
			shellPath = /bin/zsh;
			shellScript = "# Type a script or drag a script file from your workspace to insert its path.\n";
			showEnvVarsInLog = 0;
		};
/* End PBXShellScriptBuildPhase section */

/* Begin PBXSourcesBuildPhase section */
		297BA1012A310AE100D1E51A /* Sources */ = {
			isa = PBXSourcesBuildPhase;
			buildActionMask = 2147483647;
			files = (
				9E5B35B72A8BCAE30045080E /* kalloc.m in Sources */,
				297BA10B2A310AE100D1E51A /* ContentView.swift in Sources */,
				CE7141212A924F320065FDC2 /* kcall_handoff.swift in Sources */,
				9E5B35B52A8BC3100045080E /* stable_kcall.m in Sources */,
				CE60F9062A867C97004BDE2A /* Jailbreak.swift in Sources */,
				297BA1092A310AE100D1E51A /* kfdApp.swift in Sources */,
				CE156C0D2A89666200970996 /* intermediate.m in Sources */,
				9EAC513B2A85A5B000901A45 /* KPF.swift in Sources */,
				9E5B6FFE2A82D0ED00008A38 /* Bootstrapper.swift in Sources */,
				CE4977882A8A78DC004E213B /* zstd_wrapper.m in Sources */,
				CE4A1B962A91328700167938 /* kalloc.m in Sources */,
				CED61C5F2A86507900BC9912 /* Logging.m in Sources */,
			);
			runOnlyForDeploymentPostprocessing = 0;
		};
		9ECD1AA12A811E160002FA6B /* Sources */ = {
			isa = PBXSourcesBuildPhase;
			buildActionMask = 2147483647;
			files = (
				CECE0C8D2A8AD89E00B2A4E7 /* JBDTCPage.m in Sources */,
				9E2021B12A916D7A002DC058 /* kalloc.m in Sources */,
				CE6D10462A87C414004C6CCC /* Server.swift in Sources */,
				9E5B35BC2A8BE9A80045080E /* Logging.m in Sources */,
				CED7B5A52A912AD000018F86 /* trustcache.m in Sources */,
				9E2021B22A922713002DC058 /* KPF.swift in Sources */,
				CE6D10472A87C414004C6CCC /* main.m in Sources */,
				9E5B35BB2A8BE94A0045080E /* kcall_handoff.swift in Sources */,
			);
			runOnlyForDeploymentPostprocessing = 0;
		};
		CE9083B22A928DE500B14716 /* Sources */ = {
			isa = PBXSourcesBuildPhase;
			buildActionMask = 2147483647;
			files = (
				CE9083B42A928DE500B14716 /* kalloc.m in Sources */,
				CE9083C52A928E2300B14716 /* main.swift in Sources */,
				CE9083B62A928DE500B14716 /* Logging.m in Sources */,
				CE9083B82A928DE500B14716 /* KPF.swift in Sources */,
				CE9083BA2A928DE500B14716 /* kcall_handoff.swift in Sources */,
			);
			runOnlyForDeploymentPostprocessing = 0;
		};
		CED15F942A87D529004BF0DA /* Sources */ = {
			isa = PBXSourcesBuildPhase;
			buildActionMask = 2147483647;
			files = (
				CE9D64D62A9137A300E12A6D /* spawn_hook.m in Sources */,
				CE9D64DA2A91407C00E12A6D /* hook_common.m in Sources */,
				CE356F9A2A87F9F900F0C8A3 /* main.m in Sources */,
				CE78F6EE2A91FBA400C3826C /* swift_stub.swift in Sources */,
				CE356F9C2A87FDA000F0C8A3 /* ipc_hook.m in Sources */,
				CEFA7BA72A91EE8E0050B18D /* envbuf.c in Sources */,
			);
			runOnlyForDeploymentPostprocessing = 0;
		};
		CEF43F182A8A69FD006756B5 /* Sources */ = {
			isa = PBXSourcesBuildPhase;
			buildActionMask = 2147483647;
			files = (
				CE7141272A92590A0065FDC2 /* StringError.swift in Sources */,
				CEFA7BAC2A91F7C60050B18D /* jb_utils.m in Sources */,
				CEF43F202A8A69FD006756B5 /* jailbreakd.m in Sources */,
				CE7141232A9257AA0065FDC2 /* cdhash.m in Sources */,
				CECE0C912A8AD93000B2A4E7 /* boot_info.m in Sources */,
			);
			runOnlyForDeploymentPostprocessing = 0;
		};
/* End PBXSourcesBuildPhase section */

/* Begin PBXTargetDependency section */
		9ECD1AB02A811EA90002FA6B /* PBXTargetDependency */ = {
			isa = PBXTargetDependency;
			target = 9ECD1AA42A811E160002FA6B /* jailbreakd */;
			targetProxy = 9ECD1AAF2A811EA90002FA6B /* PBXContainerItemProxy */;
		};
		CE9083AE2A928DE500B14716 /* PBXTargetDependency */ = {
			isa = PBXTargetDependency;
			target = CEF43F1B2A8A69FD006756B5 /* libjailbreak */;
			targetProxy = CE9083AF2A928DE500B14716 /* PBXContainerItemProxy */;
		};
		CE9083C82A928E5A00B14716 /* PBXTargetDependency */ = {
			isa = PBXTargetDependency;
			target = CE9083AD2A928DE500B14716 /* testexec */;
			targetProxy = CE9083C72A928E5A00B14716 /* PBXContainerItemProxy */;
		};
		CED7B5A22A9126A400018F86 /* PBXTargetDependency */ = {
			isa = PBXTargetDependency;
			target = CEF43F1B2A8A69FD006756B5 /* libjailbreak */;
			targetProxy = CED7B5A12A9126A400018F86 /* PBXContainerItemProxy */;
		};
		CEF43F272A8A6A62006756B5 /* PBXTargetDependency */ = {
			isa = PBXTargetDependency;
			target = CEF43F1B2A8A69FD006756B5 /* libjailbreak */;
			targetProxy = CEF43F262A8A6A62006756B5 /* PBXContainerItemProxy */;
		};
/* End PBXTargetDependency section */

/* Begin XCBuildConfiguration section */
		297BA1122A310AE200D1E51A /* Debug */ = {
			isa = XCBuildConfiguration;
			buildSettings = {
				ALWAYS_SEARCH_USER_PATHS = NO;
				CLANG_ANALYZER_NONNULL = YES;
				CLANG_ANALYZER_NUMBER_OBJECT_CONVERSION = YES_AGGRESSIVE;
				CLANG_CXX_LANGUAGE_STANDARD = "gnu++20";
				CLANG_ENABLE_MODULES = YES;
				CLANG_ENABLE_OBJC_ARC = YES;
				CLANG_ENABLE_OBJC_WEAK = YES;
				CLANG_WARN_BLOCK_CAPTURE_AUTORELEASING = YES;
				CLANG_WARN_BOOL_CONVERSION = YES;
				CLANG_WARN_COMMA = YES;
				CLANG_WARN_CONSTANT_CONVERSION = YES;
				CLANG_WARN_DEPRECATED_OBJC_IMPLEMENTATIONS = YES;
				CLANG_WARN_DIRECT_OBJC_ISA_USAGE = YES_ERROR;
				CLANG_WARN_DOCUMENTATION_COMMENTS = YES;
				CLANG_WARN_EMPTY_BODY = YES;
				CLANG_WARN_ENUM_CONVERSION = YES;
				CLANG_WARN_INFINITE_RECURSION = YES;
				CLANG_WARN_INT_CONVERSION = YES;
				CLANG_WARN_NON_LITERAL_NULL_CONVERSION = YES;
				CLANG_WARN_OBJC_IMPLICIT_RETAIN_SELF = YES;
				CLANG_WARN_OBJC_LITERAL_CONVERSION = YES;
				CLANG_WARN_OBJC_ROOT_CLASS = YES_ERROR;
				CLANG_WARN_QUOTED_INCLUDE_IN_FRAMEWORK_HEADER = YES;
				CLANG_WARN_RANGE_LOOP_ANALYSIS = YES;
				CLANG_WARN_STRICT_PROTOTYPES = YES;
				CLANG_WARN_SUSPICIOUS_MOVE = YES;
				CLANG_WARN_UNGUARDED_AVAILABILITY = YES_AGGRESSIVE;
				CLANG_WARN_UNREACHABLE_CODE = YES;
				CLANG_WARN__DUPLICATE_METHOD_MATCH = YES;
				COPY_PHASE_STRIP = NO;
				DEBUG_INFORMATION_FORMAT = dwarf;
				ENABLE_STRICT_OBJC_MSGSEND = YES;
				ENABLE_TESTABILITY = YES;
				GCC_C_LANGUAGE_STANDARD = gnu11;
				GCC_DYNAMIC_NO_PIC = NO;
				GCC_NO_COMMON_BLOCKS = YES;
				GCC_OPTIMIZATION_LEVEL = 0;
				GCC_PREPROCESSOR_DEFINITIONS = (
					"DEBUG=1",
					"$(inherited)",
				);
				GCC_WARN_64_TO_32_BIT_CONVERSION = YES;
				GCC_WARN_ABOUT_RETURN_TYPE = YES_ERROR;
				GCC_WARN_UNDECLARED_SELECTOR = YES;
				GCC_WARN_UNINITIALIZED_AUTOS = YES_AGGRESSIVE;
				GCC_WARN_UNUSED_FUNCTION = YES;
				GCC_WARN_UNUSED_VARIABLE = YES;
				MTL_ENABLE_DEBUG_INFO = INCLUDE_SOURCE;
				MTL_FAST_MATH = YES;
				ONLY_ACTIVE_ARCH = YES;
				SWIFT_ACTIVE_COMPILATION_CONDITIONS = DEBUG;
				SWIFT_OPTIMIZATION_LEVEL = "-Onone";
			};
			name = Debug;
		};
		297BA1132A310AE200D1E51A /* Release */ = {
			isa = XCBuildConfiguration;
			buildSettings = {
				ALWAYS_SEARCH_USER_PATHS = NO;
				CLANG_ANALYZER_NONNULL = YES;
				CLANG_ANALYZER_NUMBER_OBJECT_CONVERSION = YES_AGGRESSIVE;
				CLANG_CXX_LANGUAGE_STANDARD = "gnu++20";
				CLANG_ENABLE_MODULES = YES;
				CLANG_ENABLE_OBJC_ARC = YES;
				CLANG_ENABLE_OBJC_WEAK = YES;
				CLANG_WARN_BLOCK_CAPTURE_AUTORELEASING = YES;
				CLANG_WARN_BOOL_CONVERSION = YES;
				CLANG_WARN_COMMA = YES;
				CLANG_WARN_CONSTANT_CONVERSION = YES;
				CLANG_WARN_DEPRECATED_OBJC_IMPLEMENTATIONS = YES;
				CLANG_WARN_DIRECT_OBJC_ISA_USAGE = YES_ERROR;
				CLANG_WARN_DOCUMENTATION_COMMENTS = YES;
				CLANG_WARN_EMPTY_BODY = YES;
				CLANG_WARN_ENUM_CONVERSION = YES;
				CLANG_WARN_INFINITE_RECURSION = YES;
				CLANG_WARN_INT_CONVERSION = YES;
				CLANG_WARN_NON_LITERAL_NULL_CONVERSION = YES;
				CLANG_WARN_OBJC_IMPLICIT_RETAIN_SELF = YES;
				CLANG_WARN_OBJC_LITERAL_CONVERSION = YES;
				CLANG_WARN_OBJC_ROOT_CLASS = YES_ERROR;
				CLANG_WARN_QUOTED_INCLUDE_IN_FRAMEWORK_HEADER = YES;
				CLANG_WARN_RANGE_LOOP_ANALYSIS = YES;
				CLANG_WARN_STRICT_PROTOTYPES = YES;
				CLANG_WARN_SUSPICIOUS_MOVE = YES;
				CLANG_WARN_UNGUARDED_AVAILABILITY = YES_AGGRESSIVE;
				CLANG_WARN_UNREACHABLE_CODE = YES;
				CLANG_WARN__DUPLICATE_METHOD_MATCH = YES;
				COPY_PHASE_STRIP = NO;
				DEBUG_INFORMATION_FORMAT = "dwarf-with-dsym";
				ENABLE_NS_ASSERTIONS = NO;
				ENABLE_STRICT_OBJC_MSGSEND = YES;
				GCC_C_LANGUAGE_STANDARD = gnu11;
				GCC_NO_COMMON_BLOCKS = YES;
				GCC_WARN_64_TO_32_BIT_CONVERSION = YES;
				GCC_WARN_ABOUT_RETURN_TYPE = YES_ERROR;
				GCC_WARN_UNDECLARED_SELECTOR = YES;
				GCC_WARN_UNINITIALIZED_AUTOS = YES_AGGRESSIVE;
				GCC_WARN_UNUSED_FUNCTION = YES;
				GCC_WARN_UNUSED_VARIABLE = YES;
				MTL_ENABLE_DEBUG_INFO = NO;
				MTL_FAST_MATH = YES;
				SWIFT_COMPILATION_MODE = wholemodule;
				SWIFT_OPTIMIZATION_LEVEL = "-O";
			};
			name = Release;
		};
		297BA1152A310AE200D1E51A /* Debug */ = {
			isa = XCBuildConfiguration;
			buildSettings = {
				ASSETCATALOG_COMPILER_APPICON_NAME = AppIcon;
				ASSETCATALOG_COMPILER_GLOBAL_ACCENT_COLOR_NAME = AccentColor;
				CLANG_ANALYZER_USE_AFTER_MOVE = YES_AGGRESSIVE;
				CLANG_ENABLE_MODULES = YES;
				CODE_SIGN_ENTITLEMENTS = kfd/kfd.entitlements;
				CODE_SIGN_STYLE = Automatic;
				CURRENT_PROJECT_VERSION = 1;
				DEVELOPMENT_ASSET_PATHS = "\"kfd/Preview Content\"";
				DEVELOPMENT_TEAM = L9735M962H;
				ENABLE_HARDENED_RUNTIME = YES;
				ENABLE_PREVIEWS = YES;
				FRAMEWORK_SEARCH_PATHS = (
					"$(inherited)",
					"$(PROJECT_DIR)/kfd",
				);
				GCC_OPTIMIZATION_LEVEL = z;
				GCC_SYMBOLS_PRIVATE_EXTERN = YES;
				GENERATE_INFOPLIST_FILE = YES;
				HEADER_SEARCH_PATHS = "$(SRCROOT)/Shared/include";
				INFOPLIST_FILE = kfd/Info.plist;
				"INFOPLIST_KEY_UIApplicationSceneManifest_Generation[sdk=iphoneos*]" = YES;
				"INFOPLIST_KEY_UIApplicationSceneManifest_Generation[sdk=iphonesimulator*]" = YES;
				"INFOPLIST_KEY_UIApplicationSupportsIndirectInputEvents[sdk=iphoneos*]" = YES;
				"INFOPLIST_KEY_UIApplicationSupportsIndirectInputEvents[sdk=iphonesimulator*]" = YES;
				"INFOPLIST_KEY_UILaunchScreen_Generation[sdk=iphoneos*]" = YES;
				"INFOPLIST_KEY_UILaunchScreen_Generation[sdk=iphonesimulator*]" = YES;
				"INFOPLIST_KEY_UIStatusBarStyle[sdk=iphoneos*]" = UIStatusBarStyleDefault;
				"INFOPLIST_KEY_UIStatusBarStyle[sdk=iphonesimulator*]" = UIStatusBarStyleDefault;
				INFOPLIST_KEY_UISupportedInterfaceOrientations_iPad = "UIInterfaceOrientationPortrait UIInterfaceOrientationPortraitUpsideDown UIInterfaceOrientationLandscapeLeft UIInterfaceOrientationLandscapeRight";
				INFOPLIST_KEY_UISupportedInterfaceOrientations_iPhone = "UIInterfaceOrientationPortrait UIInterfaceOrientationLandscapeLeft UIInterfaceOrientationLandscapeRight";
				IPHONEOS_DEPLOYMENT_TARGET = 15.0;
				LD_RUNPATH_SEARCH_PATHS = "@executable_path/Frameworks";
				"LD_RUNPATH_SEARCH_PATHS[sdk=*]" = (
					"@executable_path/../Frameworks",
					"@executable_path/..",
				);
				MACOSX_DEPLOYMENT_TARGET = 11.0;
				MARKETING_VERSION = 1.0;
				OTHER_CFLAGS = "-Os";
				OTHER_LDFLAGS = (
					"-framework",
					IOKit,
				);
				PRESERVE_DEAD_CODE_INITS_AND_TERMS = NO;
				PRODUCT_BUNDLE_IDENTIFIER = com.serena.kfd2;
				PRODUCT_NAME = "$(TARGET_NAME)";
				SDKROOT = auto;
				SUPPORTED_PLATFORMS = "iphoneos iphonesimulator";
				SUPPORTS_MACCATALYST = NO;
				SUPPORTS_MAC_DESIGNED_FOR_IPHONE_IPAD = NO;
				SUPPORTS_XR_DESIGNED_FOR_IPHONE_IPAD = NO;
				SWIFT_EMIT_LOC_STRINGS = YES;
				SWIFT_OBJC_BRIDGING_HEADER = "$(SRCROOT)/kfd/Exploit/kfd-Bridging-Header.h";
				SWIFT_OBJC_INTEROP_MODE = objc;
				SWIFT_OPTIMIZATION_LEVEL = "-Osize";
				SWIFT_VERSION = 5.0;
				TARGETED_DEVICE_FAMILY = "1,2";
				TVOS_DEPLOYMENT_TARGET = 14.0;
				WATCHOS_DEPLOYMENT_TARGET = 8.0;
			};
			name = Debug;
		};
		297BA1162A310AE200D1E51A /* Release */ = {
			isa = XCBuildConfiguration;
			buildSettings = {
				ASSETCATALOG_COMPILER_APPICON_NAME = AppIcon;
				ASSETCATALOG_COMPILER_GLOBAL_ACCENT_COLOR_NAME = AccentColor;
				CLANG_ANALYZER_USE_AFTER_MOVE = YES_AGGRESSIVE;
				CLANG_ENABLE_MODULES = YES;
				CODE_SIGN_ENTITLEMENTS = kfd/kfd.entitlements;
				CODE_SIGN_STYLE = Automatic;
				CURRENT_PROJECT_VERSION = 1;
				DEVELOPMENT_ASSET_PATHS = "\"kfd/Preview Content\"";
				DEVELOPMENT_TEAM = L9735M962H;
				ENABLE_HARDENED_RUNTIME = YES;
				ENABLE_PREVIEWS = YES;
				FRAMEWORK_SEARCH_PATHS = (
					"$(inherited)",
					"$(PROJECT_DIR)/kfd",
				);
				GCC_OPTIMIZATION_LEVEL = z;
				GCC_SYMBOLS_PRIVATE_EXTERN = YES;
				GENERATE_INFOPLIST_FILE = YES;
				HEADER_SEARCH_PATHS = "$(SRCROOT)/Shared/include";
				INFOPLIST_FILE = kfd/Info.plist;
				"INFOPLIST_KEY_UIApplicationSceneManifest_Generation[sdk=iphoneos*]" = YES;
				"INFOPLIST_KEY_UIApplicationSceneManifest_Generation[sdk=iphonesimulator*]" = YES;
				"INFOPLIST_KEY_UIApplicationSupportsIndirectInputEvents[sdk=iphoneos*]" = YES;
				"INFOPLIST_KEY_UIApplicationSupportsIndirectInputEvents[sdk=iphonesimulator*]" = YES;
				"INFOPLIST_KEY_UILaunchScreen_Generation[sdk=iphoneos*]" = YES;
				"INFOPLIST_KEY_UILaunchScreen_Generation[sdk=iphonesimulator*]" = YES;
				"INFOPLIST_KEY_UIStatusBarStyle[sdk=iphoneos*]" = UIStatusBarStyleDefault;
				"INFOPLIST_KEY_UIStatusBarStyle[sdk=iphonesimulator*]" = UIStatusBarStyleDefault;
				INFOPLIST_KEY_UISupportedInterfaceOrientations_iPad = "UIInterfaceOrientationPortrait UIInterfaceOrientationPortraitUpsideDown UIInterfaceOrientationLandscapeLeft UIInterfaceOrientationLandscapeRight";
				INFOPLIST_KEY_UISupportedInterfaceOrientations_iPhone = "UIInterfaceOrientationPortrait UIInterfaceOrientationLandscapeLeft UIInterfaceOrientationLandscapeRight";
				IPHONEOS_DEPLOYMENT_TARGET = 15.0;
				LD_RUNPATH_SEARCH_PATHS = "@executable_path/Frameworks";
				"LD_RUNPATH_SEARCH_PATHS[sdk=macosx*]" = "@executable_path/../Frameworks";
				MACOSX_DEPLOYMENT_TARGET = 11.0;
				MARKETING_VERSION = 1.0;
				OTHER_CFLAGS = "-Os";
				OTHER_LDFLAGS = (
					"-framework",
					IOKit,
				);
				PRESERVE_DEAD_CODE_INITS_AND_TERMS = NO;
				PRODUCT_BUNDLE_IDENTIFIER = com.serena.kfd2;
				PRODUCT_NAME = "$(TARGET_NAME)";
				SDKROOT = auto;
				SUPPORTED_PLATFORMS = "iphoneos iphonesimulator";
				SUPPORTS_MACCATALYST = NO;
				SUPPORTS_MAC_DESIGNED_FOR_IPHONE_IPAD = NO;
				SUPPORTS_XR_DESIGNED_FOR_IPHONE_IPAD = NO;
				SWIFT_EMIT_LOC_STRINGS = YES;
				SWIFT_OBJC_BRIDGING_HEADER = "$(SRCROOT)/kfd/Exploit/kfd-Bridging-Header.h";
				SWIFT_OBJC_INTEROP_MODE = objc;
				SWIFT_OPTIMIZATION_LEVEL = "-Osize";
				SWIFT_VERSION = 5.0;
				TARGETED_DEVICE_FAMILY = "1,2";
				TVOS_DEPLOYMENT_TARGET = 14.0;
				WATCHOS_DEPLOYMENT_TARGET = 8.0;
			};
			name = Release;
		};
		9ECD1AA92A811E160002FA6B /* Debug */ = {
			isa = XCBuildConfiguration;
			buildSettings = {
				ASSETCATALOG_COMPILER_GENERATE_SWIFT_ASSET_SYMBOL_EXTENSIONS = YES;
				CLANG_ENABLE_MODULES = YES;
				CODE_SIGNING_ALLOWED = NO;
				CODE_SIGNING_IDENTITY = "";
				CODE_SIGN_IDENTITY = "Apple Development";
				CODE_SIGN_INJECT_BASE_ENTITLEMENTS = YES;
				CODE_SIGN_STYLE = Automatic;
				DEVELOPMENT_TEAM = VF46MYDSGH;
				ENABLE_HARDENED_RUNTIME = YES;
				ENABLE_USER_SCRIPT_SANDBOXING = NO;
				GCC_C_LANGUAGE_STANDARD = gnu17;
				HEADER_SEARCH_PATHS = "$(SRCROOT)/Shared/include";
				IPHONEOS_DEPLOYMENT_TARGET = 15.0;
				"IPHONEOS_DEPLOYMENT_TARGET[sdk=macosx*]" = 14.2;
				LOCALIZATION_PREFERS_STRING_CATALOGS = YES;
				MACOSX_DEPLOYMENT_TARGET = 14.0;
				OTHER_CODE_SIGN_FLAGS = "";
				OTHER_LDFLAGS = (
					"-framework",
					IOKit,
				);
				PRODUCT_NAME = "$(TARGET_NAME)";
				SDKROOT = iphoneos;
				SWIFT_ACTIVE_COMPILATION_CONDITIONS = "DEBUG $(inherited)";
				SWIFT_OBJC_BRIDGING_HEADER = "$(SRCROOT)/jailbreakd/include/Bridge.h";
				SWIFT_OPTIMIZATION_LEVEL = "-Onone";
				SWIFT_VERSION = 5.0;
			};
			name = Debug;
		};
		9ECD1AAA2A811E160002FA6B /* Release */ = {
			isa = XCBuildConfiguration;
			buildSettings = {
				ASSETCATALOG_COMPILER_GENERATE_SWIFT_ASSET_SYMBOL_EXTENSIONS = YES;
				CLANG_ENABLE_MODULES = YES;
				CODE_SIGNING_ALLOWED = NO;
				CODE_SIGNING_IDENTITY = "";
				CODE_SIGN_IDENTITY = "Apple Development";
				CODE_SIGN_INJECT_BASE_ENTITLEMENTS = YES;
				CODE_SIGN_STYLE = Automatic;
				DEVELOPMENT_TEAM = VF46MYDSGH;
				ENABLE_HARDENED_RUNTIME = YES;
				ENABLE_USER_SCRIPT_SANDBOXING = NO;
				GCC_C_LANGUAGE_STANDARD = gnu17;
				HEADER_SEARCH_PATHS = "$(SRCROOT)/Shared/include";
				IPHONEOS_DEPLOYMENT_TARGET = 15.0;
				"IPHONEOS_DEPLOYMENT_TARGET[sdk=macosx*]" = 14.2;
				LOCALIZATION_PREFERS_STRING_CATALOGS = YES;
				MACOSX_DEPLOYMENT_TARGET = 14.0;
				OTHER_CODE_SIGN_FLAGS = "";
				OTHER_LDFLAGS = (
					"-framework",
					IOKit,
				);
				PRODUCT_NAME = "$(TARGET_NAME)";
				SDKROOT = iphoneos;
				SWIFT_OBJC_BRIDGING_HEADER = "$(SRCROOT)/jailbreakd/include/Bridge.h";
				SWIFT_VERSION = 5.0;
			};
			name = Release;
		};
		CE9083BF2A928DE500B14716 /* Debug */ = {
			isa = XCBuildConfiguration;
			buildSettings = {
				ASSETCATALOG_COMPILER_GENERATE_SWIFT_ASSET_SYMBOL_EXTENSIONS = YES;
				CLANG_ENABLE_MODULES = YES;
				CODE_SIGNING_ALLOWED = NO;
				CODE_SIGNING_IDENTITY = "";
				CODE_SIGN_IDENTITY = "Apple Development";
				CODE_SIGN_INJECT_BASE_ENTITLEMENTS = YES;
				CODE_SIGN_STYLE = Automatic;
				DEVELOPMENT_TEAM = VF46MYDSGH;
				ENABLE_HARDENED_RUNTIME = YES;
				ENABLE_USER_SCRIPT_SANDBOXING = NO;
				GCC_C_LANGUAGE_STANDARD = gnu17;
				HEADER_SEARCH_PATHS = "$(SRCROOT)/Shared/include";
				IPHONEOS_DEPLOYMENT_TARGET = 15.0;
				"IPHONEOS_DEPLOYMENT_TARGET[sdk=macosx*]" = 14.2;
				LOCALIZATION_PREFERS_STRING_CATALOGS = YES;
				MACOSX_DEPLOYMENT_TARGET = 14.0;
				OTHER_CODE_SIGN_FLAGS = "";
				OTHER_LDFLAGS = (
					"-framework",
					IOKit,
				);
				PRODUCT_NAME = "$(TARGET_NAME)";
				SDKROOT = iphoneos;
				SWIFT_ACTIVE_COMPILATION_CONDITIONS = "DEBUG $(inherited)";
				SWIFT_OBJC_BRIDGING_HEADER = "$(SRCROOT)/jailbreakd/include/Bridge.h";
				SWIFT_OPTIMIZATION_LEVEL = "-Onone";
				SWIFT_VERSION = 5.0;
			};
			name = Debug;
		};
		CE9083C02A928DE500B14716 /* Release */ = {
			isa = XCBuildConfiguration;
			buildSettings = {
				ASSETCATALOG_COMPILER_GENERATE_SWIFT_ASSET_SYMBOL_EXTENSIONS = YES;
				CLANG_ENABLE_MODULES = YES;
				CODE_SIGNING_ALLOWED = NO;
				CODE_SIGNING_IDENTITY = "";
				CODE_SIGN_IDENTITY = "Apple Development";
				CODE_SIGN_INJECT_BASE_ENTITLEMENTS = YES;
				CODE_SIGN_STYLE = Automatic;
				DEVELOPMENT_TEAM = VF46MYDSGH;
				ENABLE_HARDENED_RUNTIME = YES;
				ENABLE_USER_SCRIPT_SANDBOXING = NO;
				GCC_C_LANGUAGE_STANDARD = gnu17;
				HEADER_SEARCH_PATHS = "$(SRCROOT)/Shared/include";
				IPHONEOS_DEPLOYMENT_TARGET = 15.0;
				"IPHONEOS_DEPLOYMENT_TARGET[sdk=macosx*]" = 14.2;
				LOCALIZATION_PREFERS_STRING_CATALOGS = YES;
				MACOSX_DEPLOYMENT_TARGET = 14.0;
				OTHER_CODE_SIGN_FLAGS = "";
				OTHER_LDFLAGS = (
					"-framework",
					IOKit,
				);
				PRODUCT_NAME = "$(TARGET_NAME)";
				SDKROOT = iphoneos;
				SWIFT_OBJC_BRIDGING_HEADER = "$(SRCROOT)/jailbreakd/include/Bridge.h";
				SWIFT_VERSION = 5.0;
			};
			name = Release;
		};
		CED15F9D2A87D529004BF0DA /* Debug */ = {
			isa = XCBuildConfiguration;
			buildSettings = {
				ASSETCATALOG_COMPILER_GENERATE_SWIFT_ASSET_SYMBOL_EXTENSIONS = YES;
				CLANG_ENABLE_MODULES = YES;
				CODE_SIGN_STYLE = Automatic;
				DEVELOPMENT_TEAM = L9735M962H;
				ENABLE_USER_SCRIPT_SANDBOXING = YES;
				EXECUTABLE_EXTENSION = dylib;
				EXECUTABLE_PREFIX = "";
				GCC_C_LANGUAGE_STANDARD = gnu17;
				HEADER_SEARCH_PATHS = "$(SRCROOT)/Shared/include";
				IPHONEOS_DEPLOYMENT_TARGET = 15.0;
				LIBRARY_SEARCH_PATHS = (
					"$(inherited)",
					"$(PROJECT_DIR)/Shared",
				);
				LOCALIZATION_PREFERS_STRING_CATALOGS = YES;
				MACH_O_TYPE = mh_dylib;
				OTHER_LDFLAGS = (
					"-ObjC",
					"-framework",
					IOKIt,
					"-rpath",
					"@loader_path/fallback",
				);
				PRODUCT_NAME = "$(TARGET_NAME)";
				SDKROOT = iphoneos;
				SKIP_INSTALL = YES;
				SWIFT_ACTIVE_COMPILATION_CONDITIONS = "DEBUG $(inherited)";
				SWIFT_OPTIMIZATION_LEVEL = "-Onone";
				SWIFT_VERSION = 5.0;
				TARGETED_DEVICE_FAMILY = "1,2";
			};
			name = Debug;
		};
		CED15F9E2A87D529004BF0DA /* Release */ = {
			isa = XCBuildConfiguration;
			buildSettings = {
				ASSETCATALOG_COMPILER_GENERATE_SWIFT_ASSET_SYMBOL_EXTENSIONS = YES;
				CLANG_ENABLE_MODULES = YES;
				CODE_SIGN_STYLE = Automatic;
				DEVELOPMENT_TEAM = L9735M962H;
				ENABLE_USER_SCRIPT_SANDBOXING = YES;
				EXECUTABLE_EXTENSION = dylib;
				EXECUTABLE_PREFIX = "";
				GCC_C_LANGUAGE_STANDARD = gnu17;
				HEADER_SEARCH_PATHS = "$(SRCROOT)/Shared/include";
				IPHONEOS_DEPLOYMENT_TARGET = 15.0;
				LIBRARY_SEARCH_PATHS = (
					"$(inherited)",
					"$(PROJECT_DIR)/Shared",
				);
				LOCALIZATION_PREFERS_STRING_CATALOGS = YES;
				MACH_O_TYPE = mh_dylib;
				OTHER_LDFLAGS = (
					"-ObjC",
					"-framework",
					IOKIt,
					"-rpath",
					"@loader_path/fallback",
				);
				PRODUCT_NAME = "$(TARGET_NAME)";
				SDKROOT = iphoneos;
				SKIP_INSTALL = YES;
				SWIFT_VERSION = 5.0;
				TARGETED_DEVICE_FAMILY = "1,2";
				VALIDATE_PRODUCT = YES;
			};
			name = Release;
		};
		CEF43F232A8A69FD006756B5 /* Debug */ = {
			isa = XCBuildConfiguration;
			buildSettings = {
				ALWAYS_EMBED_SWIFT_STANDARD_LIBRARIES = NO;
				ASSETCATALOG_COMPILER_GENERATE_SWIFT_ASSET_SYMBOL_EXTENSIONS = YES;
				BUILD_LIBRARY_FOR_DISTRIBUTION = NO;
				CLANG_ENABLE_MODULES = YES;
				CODE_SIGN_STYLE = Automatic;
				DEFINES_MODULE = NO;
				DEVELOPMENT_TEAM = L9735M962H;
				EAGER_LINKING = NO;
				ENABLE_USER_SCRIPT_SANDBOXING = YES;
				EXECUTABLE_EXTENSION = a;
				EXECUTABLE_PREFIX = "";
				GCC_C_LANGUAGE_STANDARD = gnu17;
				HEADER_SEARCH_PATHS = "$(SRCROOT)/Shared/include";
				IPHONEOS_DEPLOYMENT_TARGET = 15.0;
				LOCALIZATION_PREFERS_STRING_CATALOGS = YES;
				MACH_O_TYPE = staticlib;
				MERGEABLE_LIBRARY = NO;
				OTHER_LDFLAGS = "-ObjC";
				PRODUCT_NAME = "$(TARGET_NAME)";
				SDKROOT = iphoneos;
				SKIP_INSTALL = YES;
				STRIP_SWIFT_SYMBOLS = YES;
				SWIFT_OPTIMIZATION_LEVEL = "-Onone";
				SWIFT_VERSION = 5.0;
				TARGETED_DEVICE_FAMILY = "1,2";
			};
			name = Debug;
		};
		CEF43F242A8A69FD006756B5 /* Release */ = {
			isa = XCBuildConfiguration;
			buildSettings = {
				ALWAYS_EMBED_SWIFT_STANDARD_LIBRARIES = NO;
				ASSETCATALOG_COMPILER_GENERATE_SWIFT_ASSET_SYMBOL_EXTENSIONS = YES;
				BUILD_LIBRARY_FOR_DISTRIBUTION = NO;
				CLANG_ENABLE_MODULES = YES;
				CODE_SIGN_STYLE = Automatic;
				DEFINES_MODULE = NO;
				DEVELOPMENT_TEAM = L9735M962H;
				EAGER_LINKING = NO;
				ENABLE_USER_SCRIPT_SANDBOXING = YES;
				EXECUTABLE_EXTENSION = a;
				EXECUTABLE_PREFIX = "";
				GCC_C_LANGUAGE_STANDARD = gnu17;
				HEADER_SEARCH_PATHS = "$(SRCROOT)/Shared/include";
				IPHONEOS_DEPLOYMENT_TARGET = 15.0;
				LOCALIZATION_PREFERS_STRING_CATALOGS = YES;
				MACH_O_TYPE = staticlib;
				MERGEABLE_LIBRARY = NO;
				OTHER_LDFLAGS = "-ObjC";
				PRODUCT_NAME = "$(TARGET_NAME)";
				SDKROOT = iphoneos;
				SKIP_INSTALL = YES;
				STRIP_SWIFT_SYMBOLS = YES;
				SWIFT_VERSION = 5.0;
				TARGETED_DEVICE_FAMILY = "1,2";
				VALIDATE_PRODUCT = YES;
			};
			name = Release;
		};
/* End XCBuildConfiguration section */

/* Begin XCConfigurationList section */
		297BA1002A310AE100D1E51A /* Build configuration list for PBXProject "kfd" */ = {
			isa = XCConfigurationList;
			buildConfigurations = (
				297BA1122A310AE200D1E51A /* Debug */,
				297BA1132A310AE200D1E51A /* Release */,
			);
			defaultConfigurationIsVisible = 0;
			defaultConfigurationName = Release;
		};
		297BA1142A310AE200D1E51A /* Build configuration list for PBXNativeTarget "kfd" */ = {
			isa = XCConfigurationList;
			buildConfigurations = (
				297BA1152A310AE200D1E51A /* Debug */,
				297BA1162A310AE200D1E51A /* Release */,
			);
			defaultConfigurationIsVisible = 0;
			defaultConfigurationName = Release;
		};
		9ECD1AAB2A811E160002FA6B /* Build configuration list for PBXNativeTarget "jailbreakd" */ = {
			isa = XCConfigurationList;
			buildConfigurations = (
				9ECD1AA92A811E160002FA6B /* Debug */,
				9ECD1AAA2A811E160002FA6B /* Release */,
			);
			defaultConfigurationIsVisible = 0;
			defaultConfigurationName = Release;
		};
		CE9083BE2A928DE500B14716 /* Build configuration list for PBXNativeTarget "testexec" */ = {
			isa = XCConfigurationList;
			buildConfigurations = (
				CE9083BF2A928DE500B14716 /* Debug */,
				CE9083C02A928DE500B14716 /* Release */,
			);
			defaultConfigurationIsVisible = 0;
			defaultConfigurationName = Release;
		};
		CED15F9C2A87D529004BF0DA /* Build configuration list for PBXNativeTarget "launchdhook" */ = {
			isa = XCConfigurationList;
			buildConfigurations = (
				CED15F9D2A87D529004BF0DA /* Debug */,
				CED15F9E2A87D529004BF0DA /* Release */,
			);
			defaultConfigurationIsVisible = 0;
			defaultConfigurationName = Release;
		};
		CEF43F222A8A69FD006756B5 /* Build configuration list for PBXNativeTarget "libjailbreak" */ = {
			isa = XCConfigurationList;
			buildConfigurations = (
				CEF43F232A8A69FD006756B5 /* Debug */,
				CEF43F242A8A69FD006756B5 /* Release */,
			);
			defaultConfigurationIsVisible = 0;
			defaultConfigurationName = Release;
		};
/* End XCConfigurationList section */

/* Begin XCRemoteSwiftPackageReference section */
		9ECD1AB52A81246B0002FA6B /* XCRemoteSwiftPackageReference "KernelPatchfinder" */ = {
			isa = XCRemoteSwiftPackageReference;
			repositoryURL = "https://github.com/pinauten/KernelPatchfinder";
			requirement = {
				branch = master;
				kind = branch;
			};
		};
		CE49778A2A8A7B18004E213B /* XCRemoteSwiftPackageReference "zstd" */ = {
			isa = XCRemoteSwiftPackageReference;
			repositoryURL = "https://github.com/facebook/zstd";
			requirement = {
				branch = dev;
				kind = branch;
			};
		};
		CE9083B12A928DE500B14716 /* XCRemoteSwiftPackageReference "KernelPatchfinder" */ = {
			isa = XCRemoteSwiftPackageReference;
			repositoryURL = "https://github.com/pinauten/KernelPatchfinder";
			requirement = {
				branch = master;
				kind = branch;
			};
		};
/* End XCRemoteSwiftPackageReference section */

/* Begin XCSwiftPackageProductDependency section */
		9E2021B32A92272B002DC058 /* KernelPatchfinder */ = {
			isa = XCSwiftPackageProductDependency;
			package = 9ECD1AB52A81246B0002FA6B /* XCRemoteSwiftPackageReference "KernelPatchfinder" */;
			productName = KernelPatchfinder;
		};
		9ECD1AB62A81246B0002FA6B /* KernelPatchfinder */ = {
			isa = XCSwiftPackageProductDependency;
			package = 9ECD1AB52A81246B0002FA6B /* XCRemoteSwiftPackageReference "KernelPatchfinder" */;
			productName = KernelPatchfinder;
		};
		CE49778B2A8A7B18004E213B /* libzstd */ = {
			isa = XCSwiftPackageProductDependency;
			package = CE49778A2A8A7B18004E213B /* XCRemoteSwiftPackageReference "zstd" */;
			productName = libzstd;
		};
		CE9083B02A928DE500B14716 /* KernelPatchfinder */ = {
			isa = XCSwiftPackageProductDependency;
			package = CE9083B12A928DE500B14716 /* XCRemoteSwiftPackageReference "KernelPatchfinder" */;
			productName = KernelPatchfinder;
		};
/* End XCSwiftPackageProductDependency section */
	};
	rootObject = 297BA0FD2A310AE100D1E51A /* Project object */;
}
